// !$*UTF8*$!
{
	archiveVersion = 1;
	classes = {
	};
	objectVersion = 46;
	objects = {

/* Begin PBXBuildFile section */
		3A6CE1831E5B1952008059AC /* main.m in Sources */ = {isa = PBXBuildFile; fileRef = 3A6CE1821E5B1952008059AC /* main.m */; };
		3A6CE1861E5B1952008059AC /* AppDelegate.m in Sources */ = {isa = PBXBuildFile; fileRef = 3A6CE1851E5B1952008059AC /* AppDelegate.m */; };
		3A6CE1891E5B1952008059AC /* ViewController.m in Sources */ = {isa = PBXBuildFile; fileRef = 3A6CE1881E5B1952008059AC /* ViewController.m */; };
		3A6CE18C1E5B1952008059AC /* Main.storyboard in Resources */ = {isa = PBXBuildFile; fileRef = 3A6CE18A1E5B1952008059AC /* Main.storyboard */; };
		3A6CE18E1E5B1952008059AC /* Assets.xcassets in Resources */ = {isa = PBXBuildFile; fileRef = 3A6CE18D1E5B1952008059AC /* Assets.xcassets */; };
		3A6CE1911E5B1952008059AC /* LaunchScreen.storyboard in Resources */ = {isa = PBXBuildFile; fileRef = 3A6CE18F1E5B1952008059AC /* LaunchScreen.storyboard */; };
		3A6CE19C1E5B1952008059AC /* yahoo_weather_mirrorTests.m in Sources */ = {isa = PBXBuildFile; fileRef = 3A6CE19B1E5B1952008059AC /* yahoo_weather_mirrorTests.m */; };
		3A6CE1A71E5B1952008059AC /* yahoo_weather_mirrorUITests.m in Sources */ = {isa = PBXBuildFile; fileRef = 3A6CE1A61E5B1952008059AC /* yahoo_weather_mirrorUITests.m */; };
		3A81976B1E6C08A800A75C10 /* HHXXViewControllerTransitioningContext.m in Sources */ = {isa = PBXBuildFile; fileRef = 3A81976A1E6C08A800A75C10 /* HHXXViewControllerTransitioningContext.m */; };
		3A81976E1E6C0ED600A75C10 /* HHXXViewControllerTransitioningAnimator.m in Sources */ = {isa = PBXBuildFile; fileRef = 3A81976D1E6C0ED600A75C10 /* HHXXViewControllerTransitioningAnimator.m */; };
		3A8197711E6C69FE00A75C10 /* HHXXViewControllerContainer+HHXXNavigation.m in Sources */ = {isa = PBXBuildFile; fileRef = 3A8197701E6C69FE00A75C10 /* HHXXViewControllerContainer+HHXXNavigation.m */; };
		3AFEF0471E5C1CE4007CC568 /* HHXXNotificationService.m in Sources */ = {isa = PBXBuildFile; fileRef = 3AFEF0461E5C1CE4007CC568 /* HHXXNotificationService.m */; };
		3AFEF04E1E5C2231007CC568 /* HHXXAMapService.m in Sources */ = {isa = PBXBuildFile; fileRef = 3AFEF04D1E5C2231007CC568 /* HHXXAMapService.m */; };
		3AFEF0581E5C291A007CC568 /* HHXXServiceManager.m in Sources */ = {isa = PBXBuildFile; fileRef = 3AFEF0571E5C291A007CC568 /* HHXXServiceManager.m */; };
		3AFEF05B1E5C57CE007CC568 /* HHXXSOADelegate.m in Sources */ = {isa = PBXBuildFile; fileRef = 3AFEF05A1E5C57CE007CC568 /* HHXXSOADelegate.m */; };
		3AFEF0641E5D9808007CC568 /* HHXXBaseUIService.m in Sources */ = {isa = PBXBuildFile; fileRef = 3AFEF0631E5D9808007CC568 /* HHXXBaseUIService.m */; };
		3AFEF0AA1E5EAE2D007CC568 /* HHXXViewControllerContainer.m in Sources */ = {isa = PBXBuildFile; fileRef = 3AFEF0A91E5EAE2D007CC568 /* HHXXViewControllerContainer.m */; };
		3AFEF0AF1E5EEF36007CC568 /* UIColor+HHXXProvider.m in Sources */ = {isa = PBXBuildFile; fileRef = 3AFEF0AE1E5EEF36007CC568 /* UIColor+HHXXProvider.m */; };
		3AFEF0B71E5F476B007CC568 /* WeatherInformationViewController.m in Sources */ = {isa = PBXBuildFile; fileRef = 3AFEF0B61E5F476B007CC568 /* WeatherInformationViewController.m */; };
		3AFEF0BB1E5F52E8007CC568 /* HHXXUIKitMacro.c in Sources */ = {isa = PBXBuildFile; fileRef = 3AFEF0B91E5F52E8007CC568 /* HHXXUIKitMacro.c */; };
		5C7F11186A4E5F5703684C10 /* libPods-yahoo-weather-mirror.a in Frameworks */ = {isa = PBXBuildFile; fileRef = C76A801FFE5F4B70324FB2BE /* libPods-yahoo-weather-mirror.a */; };
/* End PBXBuildFile section */

/* Begin PBXContainerItemProxy section */
		3A6CE1981E5B1952008059AC /* PBXContainerItemProxy */ = {
			isa = PBXContainerItemProxy;
			containerPortal = 3A6CE1761E5B1951008059AC /* Project object */;
			proxyType = 1;
			remoteGlobalIDString = 3A6CE17D1E5B1951008059AC;
			remoteInfo = "yahoo-weather-mirror";
		};
		3A6CE1A31E5B1952008059AC /* PBXContainerItemProxy */ = {
			isa = PBXContainerItemProxy;
			containerPortal = 3A6CE1761E5B1951008059AC /* Project object */;
			proxyType = 1;
			remoteGlobalIDString = 3A6CE17D1E5B1951008059AC;
			remoteInfo = "yahoo-weather-mirror";
		};
/* End PBXContainerItemProxy section */

/* Begin PBXFileReference section */
		0FCFB1CF6A839261FCC5F207 /* Pods-yahoo-weather-mirror.debug.xcconfig */ = {isa = PBXFileReference; includeInIndex = 1; lastKnownFileType = text.xcconfig; name = "Pods-yahoo-weather-mirror.debug.xcconfig"; path = "Pods/Target Support Files/Pods-yahoo-weather-mirror/Pods-yahoo-weather-mirror.debug.xcconfig"; sourceTree = "<group>"; };
		3A6CE17E1E5B1952008059AC /* yahoo-weather-mirror.app */ = {isa = PBXFileReference; explicitFileType = wrapper.application; includeInIndex = 0; path = "yahoo-weather-mirror.app"; sourceTree = BUILT_PRODUCTS_DIR; };
		3A6CE1821E5B1952008059AC /* main.m */ = {isa = PBXFileReference; lastKnownFileType = sourcecode.c.objc; path = main.m; sourceTree = "<group>"; };
		3A6CE1841E5B1952008059AC /* AppDelegate.h */ = {isa = PBXFileReference; lastKnownFileType = sourcecode.c.h; path = AppDelegate.h; sourceTree = "<group>"; };
		3A6CE1851E5B1952008059AC /* AppDelegate.m */ = {isa = PBXFileReference; lastKnownFileType = sourcecode.c.objc; path = AppDelegate.m; sourceTree = "<group>"; };
		3A6CE1871E5B1952008059AC /* ViewController.h */ = {isa = PBXFileReference; lastKnownFileType = sourcecode.c.h; path = ViewController.h; sourceTree = "<group>"; };
		3A6CE1881E5B1952008059AC /* ViewController.m */ = {isa = PBXFileReference; lastKnownFileType = sourcecode.c.objc; path = ViewController.m; sourceTree = "<group>"; };
		3A6CE18B1E5B1952008059AC /* Base */ = {isa = PBXFileReference; lastKnownFileType = file.storyboard; name = Base; path = Base.lproj/Main.storyboard; sourceTree = "<group>"; };
		3A6CE18D1E5B1952008059AC /* Assets.xcassets */ = {isa = PBXFileReference; lastKnownFileType = folder.assetcatalog; path = Assets.xcassets; sourceTree = "<group>"; };
		3A6CE1901E5B1952008059AC /* Base */ = {isa = PBXFileReference; lastKnownFileType = file.storyboard; name = Base; path = Base.lproj/LaunchScreen.storyboard; sourceTree = "<group>"; };
		3A6CE1921E5B1952008059AC /* Info.plist */ = {isa = PBXFileReference; lastKnownFileType = text.plist.xml; path = Info.plist; sourceTree = "<group>"; };
		3A6CE1971E5B1952008059AC /* yahoo-weather-mirrorTests.xctest */ = {isa = PBXFileReference; explicitFileType = wrapper.cfbundle; includeInIndex = 0; path = "yahoo-weather-mirrorTests.xctest"; sourceTree = BUILT_PRODUCTS_DIR; };
		3A6CE19B1E5B1952008059AC /* yahoo_weather_mirrorTests.m */ = {isa = PBXFileReference; lastKnownFileType = sourcecode.c.objc; path = yahoo_weather_mirrorTests.m; sourceTree = "<group>"; };
		3A6CE19D1E5B1952008059AC /* Info.plist */ = {isa = PBXFileReference; lastKnownFileType = text.plist.xml; path = Info.plist; sourceTree = "<group>"; };
		3A6CE1A21E5B1952008059AC /* yahoo-weather-mirrorUITests.xctest */ = {isa = PBXFileReference; explicitFileType = wrapper.cfbundle; includeInIndex = 0; path = "yahoo-weather-mirrorUITests.xctest"; sourceTree = BUILT_PRODUCTS_DIR; };
		3A6CE1A61E5B1952008059AC /* yahoo_weather_mirrorUITests.m */ = {isa = PBXFileReference; lastKnownFileType = sourcecode.c.objc; path = yahoo_weather_mirrorUITests.m; sourceTree = "<group>"; };
		3A6CE1A81E5B1952008059AC /* Info.plist */ = {isa = PBXFileReference; lastKnownFileType = text.plist.xml; path = Info.plist; sourceTree = "<group>"; };
		3A8197691E6C08A800A75C10 /* HHXXViewControllerTransitioningContext.h */ = {isa = PBXFileReference; fileEncoding = 4; lastKnownFileType = sourcecode.c.h; name = HHXXViewControllerTransitioningContext.h; path = Tools/ViewControllerContainer/HHXXViewControllerTransitioningContext.h; sourceTree = "<group>"; };
		3A81976A1E6C08A800A75C10 /* HHXXViewControllerTransitioningContext.m */ = {isa = PBXFileReference; fileEncoding = 4; lastKnownFileType = sourcecode.c.objc; name = HHXXViewControllerTransitioningContext.m; path = Tools/ViewControllerContainer/HHXXViewControllerTransitioningContext.m; sourceTree = "<group>"; };
		3A81976C1E6C0ED600A75C10 /* HHXXViewControllerTransitioningAnimator.h */ = {isa = PBXFileReference; fileEncoding = 4; lastKnownFileType = sourcecode.c.h; name = HHXXViewControllerTransitioningAnimator.h; path = Tools/ViewControllerContainer/HHXXViewControllerTransitioningAnimator.h; sourceTree = "<group>"; };
		3A81976D1E6C0ED600A75C10 /* HHXXViewControllerTransitioningAnimator.m */ = {isa = PBXFileReference; fileEncoding = 4; lastKnownFileType = sourcecode.c.objc; name = HHXXViewControllerTransitioningAnimator.m; path = Tools/ViewControllerContainer/HHXXViewControllerTransitioningAnimator.m; sourceTree = "<group>"; };
		3A81976F1E6C69FE00A75C10 /* HHXXViewControllerContainer+HHXXNavigation.h */ = {isa = PBXFileReference; fileEncoding = 4; lastKnownFileType = sourcecode.c.h; name = "HHXXViewControllerContainer+HHXXNavigation.h"; path = "Tools/ViewControllerContainer/HHXXViewControllerContainer+HHXXNavigation.h"; sourceTree = "<group>"; };
		3A8197701E6C69FE00A75C10 /* HHXXViewControllerContainer+HHXXNavigation.m */ = {isa = PBXFileReference; fileEncoding = 4; lastKnownFileType = sourcecode.c.objc; name = "HHXXViewControllerContainer+HHXXNavigation.m"; path = "Tools/ViewControllerContainer/HHXXViewControllerContainer+HHXXNavigation.m"; sourceTree = "<group>"; };
		3AFEF0451E5C1CE4007CC568 /* HHXXNotificationService.h */ = {isa = PBXFileReference; fileEncoding = 4; lastKnownFileType = sourcecode.c.h; name = HHXXNotificationService.h; path = Services/HHXXNotificationService.h; sourceTree = "<group>"; };
		3AFEF0461E5C1CE4007CC568 /* HHXXNotificationService.m */ = {isa = PBXFileReference; fileEncoding = 4; lastKnownFileType = sourcecode.c.objc; name = HHXXNotificationService.m; path = Services/HHXXNotificationService.m; sourceTree = "<group>"; };
		3AFEF04C1E5C2231007CC568 /* HHXXAMapService.h */ = {isa = PBXFileReference; fileEncoding = 4; lastKnownFileType = sourcecode.c.h; name = HHXXAMapService.h; path = Services/HHXXAMapService.h; sourceTree = "<group>"; };
		3AFEF04D1E5C2231007CC568 /* HHXXAMapService.m */ = {isa = PBXFileReference; fileEncoding = 4; lastKnownFileType = sourcecode.c.objc; name = HHXXAMapService.m; path = Services/HHXXAMapService.m; sourceTree = "<group>"; };
		3AFEF0561E5C291A007CC568 /* HHXXServiceManager.h */ = {isa = PBXFileReference; fileEncoding = 4; lastKnownFileType = sourcecode.c.h; name = HHXXServiceManager.h; path = Services/HHXXServiceManager.h; sourceTree = "<group>"; };
		3AFEF0571E5C291A007CC568 /* HHXXServiceManager.m */ = {isa = PBXFileReference; fileEncoding = 4; lastKnownFileType = sourcecode.c.objc; name = HHXXServiceManager.m; path = Services/HHXXServiceManager.m; sourceTree = "<group>"; };
		3AFEF0591E5C57CE007CC568 /* HHXXSOADelegate.h */ = {isa = PBXFileReference; fileEncoding = 4; lastKnownFileType = sourcecode.c.h; name = HHXXSOADelegate.h; path = Services/HHXXSOADelegate.h; sourceTree = "<group>"; };
		3AFEF05A1E5C57CE007CC568 /* HHXXSOADelegate.m */ = {isa = PBXFileReference; fileEncoding = 4; lastKnownFileType = sourcecode.c.objc; name = HHXXSOADelegate.m; path = Services/HHXXSOADelegate.m; sourceTree = "<group>"; };
		3AFEF0621E5D9808007CC568 /* HHXXBaseUIService.h */ = {isa = PBXFileReference; fileEncoding = 4; lastKnownFileType = sourcecode.c.h; name = HHXXBaseUIService.h; path = Services/HHXXBaseUIService.h; sourceTree = "<group>"; };
		3AFEF0631E5D9808007CC568 /* HHXXBaseUIService.m */ = {isa = PBXFileReference; fileEncoding = 4; lastKnownFileType = sourcecode.c.objc; name = HHXXBaseUIService.m; path = Services/HHXXBaseUIService.m; sourceTree = "<group>"; };
		3AFEF0A81E5EAE2D007CC568 /* HHXXViewControllerContainer.h */ = {isa = PBXFileReference; fileEncoding = 4; lastKnownFileType = sourcecode.c.h; name = HHXXViewControllerContainer.h; path = Tools/ViewControllerContainer/HHXXViewControllerContainer.h; sourceTree = "<group>"; };
		3AFEF0A91E5EAE2D007CC568 /* HHXXViewControllerContainer.m */ = {isa = PBXFileReference; fileEncoding = 4; lastKnownFileType = sourcecode.c.objc; name = HHXXViewControllerContainer.m; path = Tools/ViewControllerContainer/HHXXViewControllerContainer.m; sourceTree = "<group>"; };
		3AFEF0AD1E5EEF36007CC568 /* UIColor+HHXXProvider.h */ = {isa = PBXFileReference; fileEncoding = 4; lastKnownFileType = sourcecode.c.h; name = "UIColor+HHXXProvider.h"; path = "Category/UIColor+HHXXProvider.h"; sourceTree = "<group>"; };
		3AFEF0AE1E5EEF36007CC568 /* UIColor+HHXXProvider.m */ = {isa = PBXFileReference; fileEncoding = 4; lastKnownFileType = sourcecode.c.objc; name = "UIColor+HHXXProvider.m"; path = "Category/UIColor+HHXXProvider.m"; sourceTree = "<group>"; };
		3AFEF0B51E5F476B007CC568 /* WeatherInformationViewController.h */ = {isa = PBXFileReference; fileEncoding = 4; lastKnownFileType = sourcecode.c.h; name = WeatherInformationViewController.h; path = Modules/WeatherInformationViewController.h; sourceTree = "<group>"; };
		3AFEF0B61E5F476B007CC568 /* WeatherInformationViewController.m */ = {isa = PBXFileReference; fileEncoding = 4; lastKnownFileType = sourcecode.c.objc; name = WeatherInformationViewController.m; path = Modules/WeatherInformationViewController.m; sourceTree = "<group>"; };
		3AFEF0B91E5F52E8007CC568 /* HHXXUIKitMacro.c */ = {isa = PBXFileReference; fileEncoding = 4; lastKnownFileType = sourcecode.c.c; name = HHXXUIKitMacro.c; path = Macro/HHXXUIKitMacro.c; sourceTree = "<group>"; };
		3AFEF0BA1E5F52E8007CC568 /* HHXXUIKitMacro.h */ = {isa = PBXFileReference; fileEncoding = 4; lastKnownFileType = sourcecode.c.h; name = HHXXUIKitMacro.h; path = Macro/HHXXUIKitMacro.h; sourceTree = "<group>"; };
		999093E0B8A5E5F11FDEF2BF /* Pods-yahoo-weather-mirror.release.xcconfig */ = {isa = PBXFileReference; includeInIndex = 1; lastKnownFileType = text.xcconfig; name = "Pods-yahoo-weather-mirror.release.xcconfig"; path = "Pods/Target Support Files/Pods-yahoo-weather-mirror/Pods-yahoo-weather-mirror.release.xcconfig"; sourceTree = "<group>"; };
		C76A801FFE5F4B70324FB2BE /* libPods-yahoo-weather-mirror.a */ = {isa = PBXFileReference; explicitFileType = archive.ar; includeInIndex = 0; path = "libPods-yahoo-weather-mirror.a"; sourceTree = BUILT_PRODUCTS_DIR; };
/* End PBXFileReference section */

/* Begin PBXFrameworksBuildPhase section */
		3A6CE17B1E5B1951008059AC /* Frameworks */ = {
			isa = PBXFrameworksBuildPhase;
			buildActionMask = 2147483647;
			files = (
				5C7F11186A4E5F5703684C10 /* libPods-yahoo-weather-mirror.a in Frameworks */,
			);
			runOnlyForDeploymentPostprocessing = 0;
		};
		3A6CE1941E5B1952008059AC /* Frameworks */ = {
			isa = PBXFrameworksBuildPhase;
			buildActionMask = 2147483647;
			files = (
			);
			runOnlyForDeploymentPostprocessing = 0;
		};
		3A6CE19F1E5B1952008059AC /* Frameworks */ = {
			isa = PBXFrameworksBuildPhase;
			buildActionMask = 2147483647;
			files = (
			);
			runOnlyForDeploymentPostprocessing = 0;
		};
/* End PBXFrameworksBuildPhase section */

/* Begin PBXGroup section */
		3A6CE1751E5B1951008059AC = {
			isa = PBXGroup;
			children = (
				3A6CE1801E5B1952008059AC /* yahoo-weather-mirror */,
				3A6CE19A1E5B1952008059AC /* yahoo-weather-mirrorTests */,
				3A6CE1A51E5B1952008059AC /* yahoo-weather-mirrorUITests */,
				3A6CE17F1E5B1952008059AC /* Products */,
				E181105225564BF61224709C /* Pods */,
				7B6C0E6ABF079E13A36B3B06 /* Frameworks */,
			);
			sourceTree = "<group>";
		};
		3A6CE17F1E5B1952008059AC /* Products */ = {
			isa = PBXGroup;
			children = (
				3A6CE17E1E5B1952008059AC /* yahoo-weather-mirror.app */,
				3A6CE1971E5B1952008059AC /* yahoo-weather-mirrorTests.xctest */,
				3A6CE1A21E5B1952008059AC /* yahoo-weather-mirrorUITests.xctest */,
			);
			name = Products;
			sourceTree = "<group>";
		};
		3A6CE1801E5B1952008059AC /* yahoo-weather-mirror */ = {
			isa = PBXGroup;
			children = (
				3AFEF0551E5C26FA007CC568 /* Tools */,
				3AFEF0541E5C2609007CC568 /* Vendors */,
				3AFEF0531E5C253A007CC568 /* Doc */,
				3AFEF0521E5C2476007CC568 /* Res */,
				3AFEF0501E5C227A007CC568 /* Modules */,
				3AFEF04F1E5C2272007CC568 /* Models */,
				3AFEF0481E5C1CEB007CC568 /* Services */,
				3A6CE1841E5B1952008059AC /* AppDelegate.h */,
				3A6CE1851E5B1952008059AC /* AppDelegate.m */,
				3A6CE1871E5B1952008059AC /* ViewController.h */,
				3A6CE1881E5B1952008059AC /* ViewController.m */,
				3A6CE18A1E5B1952008059AC /* Main.storyboard */,
				3A6CE18D1E5B1952008059AC /* Assets.xcassets */,
				3A6CE18F1E5B1952008059AC /* LaunchScreen.storyboard */,
				3A6CE1921E5B1952008059AC /* Info.plist */,
				3A6CE1811E5B1952008059AC /* Supporting Files */,
			);
			path = "yahoo-weather-mirror";
			sourceTree = "<group>";
		};
		3A6CE1811E5B1952008059AC /* Supporting Files */ = {
			isa = PBXGroup;
			children = (
				3A6CE1821E5B1952008059AC /* main.m */,
			);
			name = "Supporting Files";
			sourceTree = "<group>";
		};
		3A6CE19A1E5B1952008059AC /* yahoo-weather-mirrorTests */ = {
			isa = PBXGroup;
			children = (
				3A6CE19B1E5B1952008059AC /* yahoo_weather_mirrorTests.m */,
				3A6CE19D1E5B1952008059AC /* Info.plist */,
			);
			path = "yahoo-weather-mirrorTests";
			sourceTree = "<group>";
		};
		3A6CE1A51E5B1952008059AC /* yahoo-weather-mirrorUITests */ = {
			isa = PBXGroup;
			children = (
				3A6CE1A61E5B1952008059AC /* yahoo_weather_mirrorUITests.m */,
				3A6CE1A81E5B1952008059AC /* Info.plist */,
			);
			path = "yahoo-weather-mirrorUITests";
			sourceTree = "<group>";
		};
		3AFEF0481E5C1CEB007CC568 /* Services */ = {
			isa = PBXGroup;
			children = (
				3AFEF0451E5C1CE4007CC568 /* HHXXNotificationService.h */,
				3AFEF0461E5C1CE4007CC568 /* HHXXNotificationService.m */,
				3AFEF04C1E5C2231007CC568 /* HHXXAMapService.h */,
				3AFEF04D1E5C2231007CC568 /* HHXXAMapService.m */,
				3AFEF0561E5C291A007CC568 /* HHXXServiceManager.h */,
				3AFEF0571E5C291A007CC568 /* HHXXServiceManager.m */,
				3AFEF0591E5C57CE007CC568 /* HHXXSOADelegate.h */,
				3AFEF05A1E5C57CE007CC568 /* HHXXSOADelegate.m */,
				3AFEF0621E5D9808007CC568 /* HHXXBaseUIService.h */,
				3AFEF0631E5D9808007CC568 /* HHXXBaseUIService.m */,
			);
			name = Services;
			sourceTree = "<group>";
		};
		3AFEF04F1E5C2272007CC568 /* Models */ = {
			isa = PBXGroup;
			children = (
			);
			name = Models;
			sourceTree = "<group>";
		};
		3AFEF0501E5C227A007CC568 /* Modules */ = {
			isa = PBXGroup;
			children = (
				3AFEF0B41E5F472D007CC568 /* LeftSlider */,
				3AFEF0B31E5F4723007CC568 /* WeatherInformation */,
			);
			name = Modules;
			sourceTree = "<group>";
		};
		3AFEF0521E5C2476007CC568 /* Res */ = {
			isa = PBXGroup;
			children = (
			);
			name = Res;
			sourceTree = "<group>";
		};
		3AFEF0531E5C253A007CC568 /* Doc */ = {
			isa = PBXGroup;
			children = (
			);
			name = Doc;
			sourceTree = "<group>";
		};
		3AFEF0541E5C2609007CC568 /* Vendors */ = {
			isa = PBXGroup;
			children = (
			);
			name = Vendors;
			sourceTree = "<group>";
		};
		3AFEF0551E5C26FA007CC568 /* Tools */ = {
			isa = PBXGroup;
			children = (
				3AFEF0B81E5F51A3007CC568 /* Macro */,
				3AFEF0AB1E5EEE6A007CC568 /* Category */,
				3AFEF0A71E5EADF7007CC568 /* ViewComtrollerContainer */,
			);
			name = Tools;
			sourceTree = "<group>";
		};
		3AFEF0A71E5EADF7007CC568 /* ViewComtrollerContainer */ = {
			isa = PBXGroup;
			children = (
				3AFEF0A81E5EAE2D007CC568 /* HHXXViewControllerContainer.h */,
				3AFEF0A91E5EAE2D007CC568 /* HHXXViewControllerContainer.m */,
				3A8197691E6C08A800A75C10 /* HHXXViewControllerTransitioningContext.h */,
				3A81976A1E6C08A800A75C10 /* HHXXViewControllerTransitioningContext.m */,
				3A81976C1E6C0ED600A75C10 /* HHXXViewControllerTransitioningAnimator.h */,
				3A81976D1E6C0ED600A75C10 /* HHXXViewControllerTransitioningAnimator.m */,
				3A81976F1E6C69FE00A75C10 /* HHXXViewControllerContainer+HHXXNavigation.h */,
				3A8197701E6C69FE00A75C10 /* HHXXViewControllerContainer+HHXXNavigation.m */,
			);
			name = ViewComtrollerContainer;
			sourceTree = "<group>";
		};
		3AFEF0AB1E5EEE6A007CC568 /* Category */ = {
			isa = PBXGroup;
			children = (
				3AFEF0AD1E5EEF36007CC568 /* UIColor+HHXXProvider.h */,
				3AFEF0AE1E5EEF36007CC568 /* UIColor+HHXXProvider.m */,
			);
			name = Category;
			sourceTree = "<group>";
		};
		3AFEF0B31E5F4723007CC568 /* WeatherInformation */ = {
			isa = PBXGroup;
			children = (
				3AFEF0B51E5F476B007CC568 /* WeatherInformationViewController.h */,
				3AFEF0B61E5F476B007CC568 /* WeatherInformationViewController.m */,
			);
			name = WeatherInformation;
			sourceTree = "<group>";
		};
		3AFEF0B41E5F472D007CC568 /* LeftSlider */ = {
			isa = PBXGroup;
			children = (
			);
			name = LeftSlider;
			sourceTree = "<group>";
		};
		3AFEF0B81E5F51A3007CC568 /* Macro */ = {
			isa = PBXGroup;
			children = (
				3AFEF0B91E5F52E8007CC568 /* HHXXUIKitMacro.c */,
				3AFEF0BA1E5F52E8007CC568 /* HHXXUIKitMacro.h */,
			);
			name = Macro;
			sourceTree = "<group>";
		};
		7B6C0E6ABF079E13A36B3B06 /* Frameworks */ = {
			isa = PBXGroup;
			children = (
				C76A801FFE5F4B70324FB2BE /* libPods-yahoo-weather-mirror.a */,
			);
			name = Frameworks;
			sourceTree = "<group>";
		};
		E181105225564BF61224709C /* Pods */ = {
			isa = PBXGroup;
			children = (
				0FCFB1CF6A839261FCC5F207 /* Pods-yahoo-weather-mirror.debug.xcconfig */,
				999093E0B8A5E5F11FDEF2BF /* Pods-yahoo-weather-mirror.release.xcconfig */,
			);
			name = Pods;
			sourceTree = "<group>";
		};
/* End PBXGroup section */

/* Begin PBXNativeTarget section */
		3A6CE17D1E5B1951008059AC /* yahoo-weather-mirror */ = {
			isa = PBXNativeTarget;
			buildConfigurationList = 3A6CE1AB1E5B1952008059AC /* Build configuration list for PBXNativeTarget "yahoo-weather-mirror" */;
			buildPhases = (
				51DC6E751E2D9E2034F0243A /* [CP] Check Pods Manifest.lock */,
				3A6CE17A1E5B1951008059AC /* Sources */,
				3A6CE17B1E5B1951008059AC /* Frameworks */,
				3A6CE17C1E5B1951008059AC /* Resources */,
				6E84C406461569CB8B863EEF /* [CP] Embed Pods Frameworks */,
				9AB8A4B89EE14E684BDADDA2 /* [CP] Copy Pods Resources */,
			);
			buildRules = (
			);
			dependencies = (
			);
			name = "yahoo-weather-mirror";
			productName = "yahoo-weather-mirror";
			productReference = 3A6CE17E1E5B1952008059AC /* yahoo-weather-mirror.app */;
			productType = "com.apple.product-type.application";
		};
		3A6CE1961E5B1952008059AC /* yahoo-weather-mirrorTests */ = {
			isa = PBXNativeTarget;
			buildConfigurationList = 3A6CE1AE1E5B1952008059AC /* Build configuration list for PBXNativeTarget "yahoo-weather-mirrorTests" */;
			buildPhases = (
				3A6CE1931E5B1952008059AC /* Sources */,
				3A6CE1941E5B1952008059AC /* Frameworks */,
				3A6CE1951E5B1952008059AC /* Resources */,
			);
			buildRules = (
			);
			dependencies = (
				3A6CE1991E5B1952008059AC /* PBXTargetDependency */,
			);
			name = "yahoo-weather-mirrorTests";
			productName = "yahoo-weather-mirrorTests";
			productReference = 3A6CE1971E5B1952008059AC /* yahoo-weather-mirrorTests.xctest */;
			productType = "com.apple.product-type.bundle.unit-test";
		};
		3A6CE1A11E5B1952008059AC /* yahoo-weather-mirrorUITests */ = {
			isa = PBXNativeTarget;
			buildConfigurationList = 3A6CE1B11E5B1952008059AC /* Build configuration list for PBXNativeTarget "yahoo-weather-mirrorUITests" */;
			buildPhases = (
				3A6CE19E1E5B1952008059AC /* Sources */,
				3A6CE19F1E5B1952008059AC /* Frameworks */,
				3A6CE1A01E5B1952008059AC /* Resources */,
			);
			buildRules = (
			);
			dependencies = (
				3A6CE1A41E5B1952008059AC /* PBXTargetDependency */,
			);
			name = "yahoo-weather-mirrorUITests";
			productName = "yahoo-weather-mirrorUITests";
			productReference = 3A6CE1A21E5B1952008059AC /* yahoo-weather-mirrorUITests.xctest */;
			productType = "com.apple.product-type.bundle.ui-testing";
		};
/* End PBXNativeTarget section */

/* Begin PBXProject section */
		3A6CE1761E5B1951008059AC /* Project object */ = {
			isa = PBXProject;
			attributes = {
				LastUpgradeCheck = 0820;
				ORGANIZATIONNAME = hhxx;
				TargetAttributes = {
					3A6CE17D1E5B1951008059AC = {
						CreatedOnToolsVersion = 8.2.1;
						ProvisioningStyle = Automatic;
					};
					3A6CE1961E5B1952008059AC = {
						CreatedOnToolsVersion = 8.2.1;
						ProvisioningStyle = Automatic;
						TestTargetID = 3A6CE17D1E5B1951008059AC;
					};
					3A6CE1A11E5B1952008059AC = {
						CreatedOnToolsVersion = 8.2.1;
						ProvisioningStyle = Automatic;
						TestTargetID = 3A6CE17D1E5B1951008059AC;
					};
				};
			};
			buildConfigurationList = 3A6CE1791E5B1951008059AC /* Build configuration list for PBXProject "yahoo-weather-mirror" */;
			compatibilityVersion = "Xcode 3.2";
			developmentRegion = English;
			hasScannedForEncodings = 0;
			knownRegions = (
				en,
				Base,
			);
			mainGroup = 3A6CE1751E5B1951008059AC;
			productRefGroup = 3A6CE17F1E5B1952008059AC /* Products */;
			projectDirPath = "";
			projectRoot = "";
			targets = (
				3A6CE17D1E5B1951008059AC /* yahoo-weather-mirror */,
				3A6CE1961E5B1952008059AC /* yahoo-weather-mirrorTests */,
				3A6CE1A11E5B1952008059AC /* yahoo-weather-mirrorUITests */,
			);
		};
/* End PBXProject section */

/* Begin PBXResourcesBuildPhase section */
		3A6CE17C1E5B1951008059AC /* Resources */ = {
			isa = PBXResourcesBuildPhase;
			buildActionMask = 2147483647;
			files = (
				3A6CE1911E5B1952008059AC /* LaunchScreen.storyboard in Resources */,
				3A6CE18E1E5B1952008059AC /* Assets.xcassets in Resources */,
				3A6CE18C1E5B1952008059AC /* Main.storyboard in Resources */,
			);
			runOnlyForDeploymentPostprocessing = 0;
		};
		3A6CE1951E5B1952008059AC /* Resources */ = {
			isa = PBXResourcesBuildPhase;
			buildActionMask = 2147483647;
			files = (
			);
			runOnlyForDeploymentPostprocessing = 0;
		};
		3A6CE1A01E5B1952008059AC /* Resources */ = {
			isa = PBXResourcesBuildPhase;
			buildActionMask = 2147483647;
			files = (
			);
			runOnlyForDeploymentPostprocessing = 0;
		};
/* End PBXResourcesBuildPhase section */

/* Begin PBXShellScriptBuildPhase section */
		51DC6E751E2D9E2034F0243A /* [CP] Check Pods Manifest.lock */ = {
			isa = PBXShellScriptBuildPhase;
			buildActionMask = 2147483647;
			files = (
			);
			inputPaths = (
			);
			name = "[CP] Check Pods Manifest.lock";
			outputPaths = (
			);
			runOnlyForDeploymentPostprocessing = 0;
			shellPath = /bin/sh;
			shellScript = "diff \"${PODS_ROOT}/../Podfile.lock\" \"${PODS_ROOT}/Manifest.lock\" > /dev/null\nif [[ $? != 0 ]] ; then\n    cat << EOM\nerror: The sandbox is not in sync with the Podfile.lock. Run 'pod install' or update your CocoaPods installation.\nEOM\n    exit 1\nfi\n";
			showEnvVarsInLog = 0;
		};
		6E84C406461569CB8B863EEF /* [CP] Embed Pods Frameworks */ = {
			isa = PBXShellScriptBuildPhase;
			buildActionMask = 2147483647;
			files = (
			);
			inputPaths = (
			);
			name = "[CP] Embed Pods Frameworks";
			outputPaths = (
			);
			runOnlyForDeploymentPostprocessing = 0;
			shellPath = /bin/sh;
			shellScript = "\"${SRCROOT}/Pods/Target Support Files/Pods-yahoo-weather-mirror/Pods-yahoo-weather-mirror-frameworks.sh\"\n";
			showEnvVarsInLog = 0;
		};
		9AB8A4B89EE14E684BDADDA2 /* [CP] Copy Pods Resources */ = {
			isa = PBXShellScriptBuildPhase;
			buildActionMask = 2147483647;
			files = (
			);
			inputPaths = (
			);
			name = "[CP] Copy Pods Resources";
			outputPaths = (
			);
			runOnlyForDeploymentPostprocessing = 0;
			shellPath = /bin/sh;
			shellScript = "\"${SRCROOT}/Pods/Target Support Files/Pods-yahoo-weather-mirror/Pods-yahoo-weather-mirror-resources.sh\"\n";
			showEnvVarsInLog = 0;
		};
/* End PBXShellScriptBuildPhase section */

/* Begin PBXSourcesBuildPhase section */
		3A6CE17A1E5B1951008059AC /* Sources */ = {
			isa = PBXSourcesBuildPhase;
			buildActionMask = 2147483647;
			files = (
				3AFEF0471E5C1CE4007CC568 /* HHXXNotificationService.m in Sources */,
				3A81976E1E6C0ED600A75C10 /* HHXXViewControllerTransitioningAnimator.m in Sources */,
				3A6CE1891E5B1952008059AC /* ViewController.m in Sources */,
				3AFEF05B1E5C57CE007CC568 /* HHXXSOADelegate.m in Sources */,
				3AFEF0B71E5F476B007CC568 /* WeatherInformationViewController.m in Sources */,
				3AFEF0641E5D9808007CC568 /* HHXXBaseUIService.m in Sources */,
				3A81976B1E6C08A800A75C10 /* HHXXViewControllerTransitioningContext.m in Sources */,
				3A6CE1861E5B1952008059AC /* AppDelegate.m in Sources */,
				3A6CE1831E5B1952008059AC /* main.m in Sources */,
				3AFEF04E1E5C2231007CC568 /* HHXXAMapService.m in Sources */,
				3AFEF0581E5C291A007CC568 /* HHXXServiceManager.m in Sources */,
				3AFEF0BB1E5F52E8007CC568 /* HHXXUIKitMacro.c in Sources */,
				3AFEF0AF1E5EEF36007CC568 /* UIColor+HHXXProvider.m in Sources */,
				3A8197711E6C69FE00A75C10 /* HHXXViewControllerContainer+HHXXNavigation.m in Sources */,
				3AFEF0AA1E5EAE2D007CC568 /* HHXXViewControllerContainer.m in Sources */,
			);
			runOnlyForDeploymentPostprocessing = 0;
		};
		3A6CE1931E5B1952008059AC /* Sources */ = {
			isa = PBXSourcesBuildPhase;
			buildActionMask = 2147483647;
			files = (
				3A6CE19C1E5B1952008059AC /* yahoo_weather_mirrorTests.m in Sources */,
			);
			runOnlyForDeploymentPostprocessing = 0;
		};
		3A6CE19E1E5B1952008059AC /* Sources */ = {
			isa = PBXSourcesBuildPhase;
			buildActionMask = 2147483647;
			files = (
				3A6CE1A71E5B1952008059AC /* yahoo_weather_mirrorUITests.m in Sources */,
			);
			runOnlyForDeploymentPostprocessing = 0;
		};
/* End PBXSourcesBuildPhase section */

/* Begin PBXTargetDependency section */
		3A6CE1991E5B1952008059AC /* PBXTargetDependency */ = {
			isa = PBXTargetDependency;
			target = 3A6CE17D1E5B1951008059AC /* yahoo-weather-mirror */;
			targetProxy = 3A6CE1981E5B1952008059AC /* PBXContainerItemProxy */;
		};
		3A6CE1A41E5B1952008059AC /* PBXTargetDependency */ = {
			isa = PBXTargetDependency;
			target = 3A6CE17D1E5B1951008059AC /* yahoo-weather-mirror */;
			targetProxy = 3A6CE1A31E5B1952008059AC /* PBXContainerItemProxy */;
		};
/* End PBXTargetDependency section */

/* Begin PBXVariantGroup section */
		3A6CE18A1E5B1952008059AC /* Main.storyboard */ = {
			isa = PBXVariantGroup;
			children = (
				3A6CE18B1E5B1952008059AC /* Base */,
			);
			name = Main.storyboard;
			sourceTree = "<group>";
		};
		3A6CE18F1E5B1952008059AC /* LaunchScreen.storyboard */ = {
			isa = PBXVariantGroup;
			children = (
				3A6CE1901E5B1952008059AC /* Base */,
			);
			name = LaunchScreen.storyboard;
			sourceTree = "<group>";
		};
/* End PBXVariantGroup section */

/* Begin XCBuildConfiguration section */
		3A6CE1A91E5B1952008059AC /* Debug */ = {
			isa = XCBuildConfiguration;
			buildSettings = {
				ALWAYS_SEARCH_USER_PATHS = NO;
				CLANG_ANALYZER_NONNULL = YES;
				CLANG_CXX_LANGUAGE_STANDARD = "gnu++0x";
				CLANG_CXX_LIBRARY = "libc++";
				CLANG_ENABLE_MODULES = YES;
				CLANG_ENABLE_OBJC_ARC = YES;
				CLANG_WARN_BOOL_CONVERSION = YES;
				CLANG_WARN_CONSTANT_CONVERSION = YES;
				CLANG_WARN_DIRECT_OBJC_ISA_USAGE = YES_ERROR;
				CLANG_WARN_DOCUMENTATION_COMMENTS = YES;
				CLANG_WARN_EMPTY_BODY = YES;
				CLANG_WARN_ENUM_CONVERSION = YES;
				CLANG_WARN_INFINITE_RECURSION = YES;
				CLANG_WARN_INT_CONVERSION = YES;
				CLANG_WARN_OBJC_ROOT_CLASS = YES_ERROR;
				CLANG_WARN_SUSPICIOUS_MOVE = YES;
				CLANG_WARN_UNREACHABLE_CODE = YES;
				CLANG_WARN__DUPLICATE_METHOD_MATCH = YES;
				"CODE_SIGN_IDENTITY[sdk=iphoneos*]" = "iPhone Developer";
				COPY_PHASE_STRIP = NO;
				DEBUG_INFORMATION_FORMAT = dwarf;
				ENABLE_STRICT_OBJC_MSGSEND = YES;
				ENABLE_TESTABILITY = YES;
				GCC_C_LANGUAGE_STANDARD = gnu99;
				GCC_DYNAMIC_NO_PIC = NO;
				GCC_NO_COMMON_BLOCKS = YES;
				GCC_OPTIMIZATION_LEVEL = 0;
				GCC_PREPROCESSOR_DEFINITIONS = (
					"DEBUG=1",
					"$(inherited)",
				);
				GCC_WARN_64_TO_32_BIT_CONVERSION = YES;
				GCC_WARN_ABOUT_RETURN_TYPE = YES_ERROR;
				GCC_WARN_UNDECLARED_SELECTOR = YES;
				GCC_WARN_UNINITIALIZED_AUTOS = YES_AGGRESSIVE;
				GCC_WARN_UNUSED_FUNCTION = YES;
				GCC_WARN_UNUSED_VARIABLE = YES;
				IPHONEOS_DEPLOYMENT_TARGET = 10.2;
				MTL_ENABLE_DEBUG_INFO = YES;
				ONLY_ACTIVE_ARCH = YES;
				SDKROOT = iphoneos;
			};
			name = Debug;
		};
		3A6CE1AA1E5B1952008059AC /* Release */ = {
			isa = XCBuildConfiguration;
			buildSettings = {
				ALWAYS_SEARCH_USER_PATHS = NO;
				CLANG_ANALYZER_NONNULL = YES;
				CLANG_CXX_LANGUAGE_STANDARD = "gnu++0x";
				CLANG_CXX_LIBRARY = "libc++";
				CLANG_ENABLE_MODULES = YES;
				CLANG_ENABLE_OBJC_ARC = YES;
				CLANG_WARN_BOOL_CONVERSION = YES;
				CLANG_WARN_CONSTANT_CONVERSION = YES;
				CLANG_WARN_DIRECT_OBJC_ISA_USAGE = YES_ERROR;
				CLANG_WARN_DOCUMENTATION_COMMENTS = YES;
				CLANG_WARN_EMPTY_BODY = YES;
				CLANG_WARN_ENUM_CONVERSION = YES;
				CLANG_WARN_INFINITE_RECURSION = YES;
				CLANG_WARN_INT_CONVERSION = YES;
				CLANG_WARN_OBJC_ROOT_CLASS = YES_ERROR;
				CLANG_WARN_SUSPICIOUS_MOVE = YES;
				CLANG_WARN_UNREACHABLE_CODE = YES;
				CLANG_WARN__DUPLICATE_METHOD_MATCH = YES;
				"CODE_SIGN_IDENTITY[sdk=iphoneos*]" = "iPhone Developer";
				COPY_PHASE_STRIP = NO;
				DEBUG_INFORMATION_FORMAT = "dwarf-with-dsym";
				ENABLE_NS_ASSERTIONS = NO;
				ENABLE_STRICT_OBJC_MSGSEND = YES;
				GCC_C_LANGUAGE_STANDARD = gnu99;
				GCC_NO_COMMON_BLOCKS = YES;
				GCC_WARN_64_TO_32_BIT_CONVERSION = YES;
				GCC_WARN_ABOUT_RETURN_TYPE = YES_ERROR;
				GCC_WARN_UNDECLARED_SELECTOR = YES;
				GCC_WARN_UNINITIALIZED_AUTOS = YES_AGGRESSIVE;
				GCC_WARN_UNUSED_FUNCTION = YES;
				GCC_WARN_UNUSED_VARIABLE = YES;
				IPHONEOS_DEPLOYMENT_TARGET = 10.2;
				MTL_ENABLE_DEBUG_INFO = NO;
				SDKROOT = iphoneos;
				VALIDATE_PRODUCT = YES;
			};
			name = Release;
		};
		3A6CE1AC1E5B1952008059AC /* Debug */ = {
			isa = XCBuildConfiguration;
			baseConfigurationReference = 0FCFB1CF6A839261FCC5F207 /* Pods-yahoo-weather-mirror.debug.xcconfig */;
			buildSettings = {
				ASSETCATALOG_COMPILER_APPICON_NAME = AppIcon;
				INFOPLIST_FILE = "yahoo-weather-mirror/Info.plist";
				LD_RUNPATH_SEARCH_PATHS = "$(inherited) @executable_path/Frameworks";
				PRODUCT_BUNDLE_IDENTIFIER = "com.hhxx.ios.ttxx.yahoo-weather-mirror";
				PRODUCT_NAME = "$(TARGET_NAME)";
			};
			name = Debug;
		};
		3A6CE1AD1E5B1952008059AC /* Release */ = {
			isa = XCBuildConfiguration;
			baseConfigurationReference = 999093E0B8A5E5F11FDEF2BF /* Pods-yahoo-weather-mirror.release.xcconfig */;
			buildSettings = {
				ASSETCATALOG_COMPILER_APPICON_NAME = AppIcon;
				INFOPLIST_FILE = "yahoo-weather-mirror/Info.plist";
				LD_RUNPATH_SEARCH_PATHS = "$(inherited) @executable_path/Frameworks";
				PRODUCT_BUNDLE_IDENTIFIER = "com.hhxx.ios.ttxx.yahoo-weather-mirror";
				PRODUCT_NAME = "$(TARGET_NAME)";
			};
			name = Release;
		};
		3A6CE1AF1E5B1952008059AC /* Debug */ = {
			isa = XCBuildConfiguration;
			buildSettings = {
				BUNDLE_LOADER = "$(TEST_HOST)";
				INFOPLIST_FILE = "yahoo-weather-mirrorTests/Info.plist";
				LD_RUNPATH_SEARCH_PATHS = "$(inherited) @executable_path/Frameworks @loader_path/Frameworks";
				PRODUCT_BUNDLE_IDENTIFIER = "com.hhxx.ios.ttxx.yahoo-weather-mirrorTests";
				PRODUCT_NAME = "$(TARGET_NAME)";
				TEST_HOST = "$(BUILT_PRODUCTS_DIR)/yahoo-weather-mirror.app/yahoo-weather-mirror";
			};
			name = Debug;
		};
		3A6CE1B01E5B1952008059AC /* Release */ = {
			isa = XCBuildConfiguration;
			buildSettings = {
				BUNDLE_LOADER = "$(TEST_HOST)";
				INFOPLIST_FILE = "yahoo-weather-mirrorTests/Info.plist";
				LD_RUNPATH_SEARCH_PATHS = "$(inherited) @executable_path/Frameworks @loader_path/Frameworks";
				PRODUCT_BUNDLE_IDENTIFIER = "com.hhxx.ios.ttxx.yahoo-weather-mirrorTests";
				PRODUCT_NAME = "$(TARGET_NAME)";
				TEST_HOST = "$(BUILT_PRODUCTS_DIR)/yahoo-weather-mirror.app/yahoo-weather-mirror";
			};
			name = Release;
		};
		3A6CE1B21E5B1952008059AC /* Debug */ = {
			isa = XCBuildConfiguration;
			buildSettings = {
				INFOPLIST_FILE = "yahoo-weather-mirrorUITests/Info.plist";
				LD_RUNPATH_SEARCH_PATHS = "$(inherited) @executable_path/Frameworks @loader_path/Frameworks";
				PRODUCT_BUNDLE_IDENTIFIER = "com.hhxx.ios.ttxx.yahoo-weather-mirrorUITests";
				PRODUCT_NAME = "$(TARGET_NAME)";
				TEST_TARGET_NAME = "yahoo-weather-mirror";
			};
			name = Debug;
		};
		3A6CE1B31E5B1952008059AC /* Release */ = {
			isa = XCBuildConfiguration;
			buildSettings = {
				INFOPLIST_FILE = "yahoo-weather-mirrorUITests/Info.plist";
				LD_RUNPATH_SEARCH_PATHS = "$(inherited) @executable_path/Frameworks @loader_path/Frameworks";
				PRODUCT_BUNDLE_IDENTIFIER = "com.hhxx.ios.ttxx.yahoo-weather-mirrorUITests";
				PRODUCT_NAME = "$(TARGET_NAME)";
				TEST_TARGET_NAME = "yahoo-weather-mirror";
			};
			name = Release;
		};
/* End XCBuildConfiguration section */

/* Begin XCConfigurationList section */
		3A6CE1791E5B1951008059AC /* Build configuration list for PBXProject "yahoo-weather-mirror" */ = {
			isa = XCConfigurationList;
			buildConfigurations = (
				3A6CE1A91E5B1952008059AC /* Debug */,
				3A6CE1AA1E5B1952008059AC /* Release */,
			);
			defaultConfigurationIsVisible = 0;
			defaultConfigurationName = Release;
		};
		3A6CE1AB1E5B1952008059AC /* Build configuration list for PBXNativeTarget "yahoo-weather-mirror" */ = {
			isa = XCConfigurationList;
			buildConfigurations = (
				3A6CE1AC1E5B1952008059AC /* Debug */,
				3A6CE1AD1E5B1952008059AC /* Release */,
			);
			defaultConfigurationIsVisible = 0;
			defaultConfigurationName = Release;
		};
		3A6CE1AE1E5B1952008059AC /* Build configuration list for PBXNativeTarget "yahoo-weather-mirrorTests" */ = {
			isa = XCConfigurationList;
			buildConfigurations = (
				3A6CE1AF1E5B1952008059AC /* Debug */,
				3A6CE1B01E5B1952008059AC /* Release */,
			);
			defaultConfigurationIsVisible = 0;
			defaultConfigurationName = Release;
		};
		3A6CE1B11E5B1952008059AC /* Build configuration list for PBXNativeTarget "yahoo-weather-mirrorUITests" */ = {
			isa = XCConfigurationList;
			buildConfigurations = (
				3A6CE1B21E5B1952008059AC /* Debug */,
				3A6CE1B31E5B1952008059AC /* Release */,
			);
			defaultConfigurationIsVisible = 0;
			defaultConfigurationName = Release;
		};
/* End XCConfigurationList section */
	};
	rootObject = 3A6CE1761E5B1951008059AC /* Project object */;
}
