// !$*UTF8*$!
{
	archiveVersion = 1;
	classes = {
	};
	objectVersion = 46;
	objects = {

/* Begin PBXBuildFile section */
		3A6CE1831E5B1952008059AC /* main.m in Sources */ = {isa = PBXBuildFile; fileRef = 3A6CE1821E5B1952008059AC /* main.m */; };
		3A6CE1861E5B1952008059AC /* AppDelegate.m in Sources */ = {isa = PBXBuildFile; fileRef = 3A6CE1851E5B1952008059AC /* AppDelegate.m */; };
		3A6CE18C1E5B1952008059AC /* Main.storyboard in Resources */ = {isa = PBXBuildFile; fileRef = 3A6CE18A1E5B1952008059AC /* Main.storyboard */; };
		3A6CE18E1E5B1952008059AC /* Assets.xcassets in Resources */ = {isa = PBXBuildFile; fileRef = 3A6CE18D1E5B1952008059AC /* Assets.xcassets */; };
		3A6CE1911E5B1952008059AC /* LaunchScreen.storyboard in Resources */ = {isa = PBXBuildFile; fileRef = 3A6CE18F1E5B1952008059AC /* LaunchScreen.storyboard */; };
		3A6CE19C1E5B1952008059AC /* yahoo_weather_mirrorTests.m in Sources */ = {isa = PBXBuildFile; fileRef = 3A6CE19B1E5B1952008059AC /* yahoo_weather_mirrorTests.m */; };
		3A6CE1A71E5B1952008059AC /* yahoo_weather_mirrorUITests.m in Sources */ = {isa = PBXBuildFile; fileRef = 3A6CE1A61E5B1952008059AC /* yahoo_weather_mirrorUITests.m */; };
		3A81976B1E6C08A800A75C10 /* HHXXViewControllerTransitioningContext.m in Sources */ = {isa = PBXBuildFile; fileRef = 3A81976A1E6C08A800A75C10 /* HHXXViewControllerTransitioningContext.m */; };
		3ACBCA481E9538E300640B0C /* HHXXNetworkingProxyUseAF.m in Sources */ = {isa = PBXBuildFile; fileRef = 3ACBCA471E9538E300640B0C /* HHXXNetworkingProxyUseAF.m */; };
		3ACBCA4B1E962F2700640B0C /* HHXXNetworkingService.m in Sources */ = {isa = PBXBuildFile; fileRef = 3ACBCA4A1E962F2700640B0C /* HHXXNetworkingService.m */; };
		3ACBCA4E1E96352800640B0C /* HHXXNetworkingServiceForBingImage.m in Sources */ = {isa = PBXBuildFile; fileRef = 3ACBCA4D1E96352800640B0C /* HHXXNetworkingServiceForBingImage.m */; };
		3ACBCA521E96356500640B0C /* HHXXNetworkingServiceForWeatherInformation.m in Sources */ = {isa = PBXBuildFile; fileRef = 3ACBCA511E96356500640B0C /* HHXXNetworkingServiceForWeatherInformation.m */; };
		3ACBCA551E96358000640B0C /* HHXXNetworkingServiceForCityInformation.m in Sources */ = {isa = PBXBuildFile; fileRef = 3ACBCA541E96358000640B0C /* HHXXNetworkingServiceForCityInformation.m */; };
		3ACBCA581E96557400640B0C /* HHXXNetworkingResponse.m in Sources */ = {isa = PBXBuildFile; fileRef = 3ACBCA571E96557400640B0C /* HHXXNetworkingResponse.m */; };
		3ACBCA5B1E967F6E00640B0C /* HHXXYQLApiManager.m in Sources */ = {isa = PBXBuildFile; fileRef = 3ACBCA5A1E967F6E00640B0C /* HHXXYQLApiManager.m */; };
		3ACBCA5F1E97074800640B0C /* HHXXBingImageApiManager.m in Sources */ = {isa = PBXBuildFile; fileRef = 3ACBCA5E1E97074800640B0C /* HHXXBingImageApiManager.m */; };
		3ACBCA751E971B9E00640B0C /* ModelAd.m in Sources */ = {isa = PBXBuildFile; fileRef = 3ACBCA621E971B9E00640B0C /* ModelAd.m */; };
		3ACBCA761E971B9E00640B0C /* ModelAstronomy.m in Sources */ = {isa = PBXBuildFile; fileRef = 3ACBCA641E971B9E00640B0C /* ModelAstronomy.m */; };
		3ACBCA771E971B9E00640B0C /* ModelAtmosphere.m in Sources */ = {isa = PBXBuildFile; fileRef = 3ACBCA661E971B9E00640B0C /* ModelAtmosphere.m */; };
		3ACBCA791E971B9E00640B0C /* ModelYahooWeatherItemTypeInformation.m in Sources */ = {isa = PBXBuildFile; fileRef = 3ACBCA6A1E971B9E00640B0C /* ModelYahooWeatherItemTypeInformation.m */; };
		3ACBCA7A1E971B9E00640B0C /* ModelLocation.m in Sources */ = {isa = PBXBuildFile; fileRef = 3ACBCA6C1E971B9E00640B0C /* ModelLocation.m */; };
		3ACBCA7B1E971B9E00640B0C /* ModelUnits.m in Sources */ = {isa = PBXBuildFile; fileRef = 3ACBCA6E1E971B9E00640B0C /* ModelUnits.m */; };
		3ACBCA7C1E971B9E00640B0C /* ModelWeatherForecast.m in Sources */ = {isa = PBXBuildFile; fileRef = 3ACBCA701E971B9E00640B0C /* ModelWeatherForecast.m */; };
		3ACBCA7D1E971B9E00640B0C /* ModelWeatherItem.m in Sources */ = {isa = PBXBuildFile; fileRef = 3ACBCA721E971B9E00640B0C /* ModelWeatherItem.m */; };
		3ACBCA7E1E971B9E00640B0C /* ModelWind.m in Sources */ = {isa = PBXBuildFile; fileRef = 3ACBCA741E971B9E00640B0C /* ModelWind.m */; };
		3ACBCA831E9793F300640B0C /* YahooWeatherItemKey.m in Sources */ = {isa = PBXBuildFile; fileRef = 3ACBCA821E9793F300640B0C /* YahooWeatherItemKey.m */; };
		3ACBCA891E98632200640B0C /* Localizable.strings in Resources */ = {isa = PBXBuildFile; fileRef = 3ACBCA8B1E98632200640B0C /* Localizable.strings */; };
		3ADF4C7E1EA627F40017976B /* HHXXYahooWeatherRefreshView.m in Sources */ = {isa = PBXBuildFile; fileRef = 3ADF4C7D1EA627F40017976B /* HHXXYahooWeatherRefreshView.m */; };
		3AE357951E6D7B4D002D4221 /* HHXXDefaultTransitioningAnimator.m in Sources */ = {isa = PBXBuildFile; fileRef = 3AE357941E6D7B4D002D4221 /* HHXXDefaultTransitioningAnimator.m */; };
		3AE357981E6ED0D9002D4221 /* UIPanGestureRecognizer+Addition.m in Sources */ = {isa = PBXBuildFile; fileRef = 3AE357971E6ED0D9002D4221 /* UIPanGestureRecognizer+Addition.m */; };
		3AE357A51E6EE399002D4221 /* NSObject+Enumerate.m in Sources */ = {isa = PBXBuildFile; fileRef = 3AE357A41E6EE399002D4221 /* NSObject+Enumerate.m */; };
		3AE357A81E6F90F0002D4221 /* SliderViewController.m in Sources */ = {isa = PBXBuildFile; fileRef = 3AE357A71E6F90F0002D4221 /* SliderViewController.m */; };
		3AE357AB1E6F93E3002D4221 /* YahooWeatherInformationViewController.m in Sources */ = {isa = PBXBuildFile; fileRef = 3AE357AA1E6F93E3002D4221 /* YahooWeatherInformationViewController.m */; };
		3AE357AE1E6FFA73002D4221 /* YahooWeatherInformationView.m in Sources */ = {isa = PBXBuildFile; fileRef = 3AE357AD1E6FFA73002D4221 /* YahooWeatherInformationView.m */; };
		3AE357B11E7004A3002D4221 /* HHXXAutoLayoutView.m in Sources */ = {isa = PBXBuildFile; fileRef = 3AE357B01E7004A3002D4221 /* HHXXAutoLayoutView.m */; };
		3AE357B51E7031A8002D4221 /* TableViewCellForAd.m in Sources */ = {isa = PBXBuildFile; fileRef = 3AE357B41E7031A8002D4221 /* TableViewCellForAd.m */; };
		3AE357B81E7031ED002D4221 /* TableViewCellForDetail.m in Sources */ = {isa = PBXBuildFile; fileRef = 3AE357B71E7031ED002D4221 /* TableViewCellForDetail.m */; };
		3AE357BB1E703202002D4221 /* TableViewCellForMap.m in Sources */ = {isa = PBXBuildFile; fileRef = 3AE357BA1E703202002D4221 /* TableViewCellForMap.m */; };
		3AE357BE1E703217002D4221 /* TableViewCellForRainFall.m in Sources */ = {isa = PBXBuildFile; fileRef = 3AE357BD1E703217002D4221 /* TableViewCellForRainFall.m */; };
		3AE357C11E70322C002D4221 /* TableViewCellForSpeed.m in Sources */ = {isa = PBXBuildFile; fileRef = 3AE357C01E70322C002D4221 /* TableViewCellForSpeed.m */; };
		3AE357C41E70323C002D4221 /* TableViewCellForSunMoon.m in Sources */ = {isa = PBXBuildFile; fileRef = 3AE357C31E70323C002D4221 /* TableViewCellForSunMoon.m */; };
		3AE357C71E703263002D4221 /* TableViewCellForWeekDaily.m in Sources */ = {isa = PBXBuildFile; fileRef = 3AE357C61E703263002D4221 /* TableViewCellForWeekDaily.m */; };
		3AE357CA1E70342F002D4221 /* HHXXAutoLayoutTableViewCell.m in Sources */ = {isa = PBXBuildFile; fileRef = 3AE357C91E70342F002D4221 /* HHXXAutoLayoutTableViewCell.m */; };
		3AE357CD1E711611002D4221 /* UIView+Border.m in Sources */ = {isa = PBXBuildFile; fileRef = 3AE357CC1E711611002D4221 /* UIView+Border.m */; };
		3AE357D01E7131F2002D4221 /* HHXXAutoLayoutDynamicView.m in Sources */ = {isa = PBXBuildFile; fileRef = 3AE357CF1E7131F2002D4221 /* HHXXAutoLayoutDynamicView.m */; };
		3AE357D31E72343C002D4221 /* UIView+AutoLayout.m in Sources */ = {isa = PBXBuildFile; fileRef = 3AE357D21E72343C002D4221 /* UIView+AutoLayout.m */; };
		3AE357D61E72F028002D4221 /* NSAttributedString+Attachment.m in Sources */ = {isa = PBXBuildFile; fileRef = 3AE357D51E72F027002D4221 /* NSAttributedString+Attachment.m */; };
		3AE357D91E73088F002D4221 /* UITableViewCell+EnableDrag.m in Sources */ = {isa = PBXBuildFile; fileRef = 3AE357D81E73088F002D4221 /* UITableViewCell+EnableDrag.m */; };
		3AEBF4661E822EAE00AB9548 /* HHXXCity.m in Sources */ = {isa = PBXBuildFile; fileRef = 3AEBF4651E822EAE00AB9548 /* HHXXCity.m */; };
		3AEBF4691E822EC500AB9548 /* HHXXSetting.m in Sources */ = {isa = PBXBuildFile; fileRef = 3AEBF4681E822EC500AB9548 /* HHXXSetting.m */; };
		3AEBF46C1E822F6000AB9548 /* HHXXCityManager.m in Sources */ = {isa = PBXBuildFile; fileRef = 3AEBF46B1E822F6000AB9548 /* HHXXCityManager.m */; };
		3AEBF4751E83C9B800AB9548 /* UIImage+Processing.m in Sources */ = {isa = PBXBuildFile; fileRef = 3AEBF4741E83C9B800AB9548 /* UIImage+Processing.m */; };
		3AEBF4781E83CB2100AB9548 /* HHXXWindmillView.m in Sources */ = {isa = PBXBuildFile; fileRef = 3AEBF4771E83CB2100AB9548 /* HHXXWindmillView.m */; };
		3AEBF47B1E84ABBB00AB9548 /* HHXXSunRaiseLayer.m in Sources */ = {isa = PBXBuildFile; fileRef = 3AEBF47A1E84ABBB00AB9548 /* HHXXSunRaiseLayer.m */; };
		3AEBF47F1E8BFEE200AB9548 /* HHXXAbstractApiManager.m in Sources */ = {isa = PBXBuildFile; fileRef = 3AEBF47E1E8BFEE200AB9548 /* HHXXAbstractApiManager.m */; };
		3AEBF4821E8DCC2E00AB9548 /* HHXXNetworkingStateMonitorService.m in Sources */ = {isa = PBXBuildFile; fileRef = 3AEBF4811E8DCC2E00AB9548 /* HHXXNetworkingStateMonitorService.m */; };
		3AF4E7921E9B028300A86085 /* HHXXCustionNavigationView.m in Sources */ = {isa = PBXBuildFile; fileRef = 3AF4E7911E9B028300A86085 /* HHXXCustionNavigationView.m */; };
		3AF4E7951E9B99BA00A86085 /* UIViewController+Decorate.m in Sources */ = {isa = PBXBuildFile; fileRef = 3AF4E7941E9B99BA00A86085 /* UIViewController+Decorate.m */; };
		3AF4E7A31E9BBD7100A86085 /* HHXXSettingManager.m in Sources */ = {isa = PBXBuildFile; fileRef = 3AF4E7A21E9BBD7100A86085 /* HHXXSettingManager.m */; };
		3AF4E7A61E9BD34700A86085 /* HHXXCity+Transform.m in Sources */ = {isa = PBXBuildFile; fileRef = 3AF4E7A51E9BD34700A86085 /* HHXXCity+Transform.m */; };
		3AF4E7A91E9BE76F00A86085 /* HHXXEditCityViewController.m in Sources */ = {isa = PBXBuildFile; fileRef = 3AF4E7A81E9BE76F00A86085 /* HHXXEditCityViewController.m */; };
		3AF4E7AC1E9BECE800A86085 /* TableViewCellForCurrentPosition.m in Sources */ = {isa = PBXBuildFile; fileRef = 3AF4E7AB1E9BECE800A86085 /* TableViewCellForCurrentPosition.m */; };
		3AF4E7B71E9BEEA300A86085 /* TableViewCellForPosition.m in Sources */ = {isa = PBXBuildFile; fileRef = 3AF4E7B51E9BEEA300A86085 /* TableViewCellForPosition.m */; };
		3AF4E7B81E9BEEA300A86085 /* TableViewCellForPosition.xib in Resources */ = {isa = PBXBuildFile; fileRef = 3AF4E7B61E9BEEA300A86085 /* TableViewCellForPosition.xib */; };
		3AF4E7BB1E9BF58800A86085 /* HHXXAddNewCityViewController.m in Sources */ = {isa = PBXBuildFile; fileRef = 3AF4E7BA1E9BF58800A86085 /* HHXXAddNewCityViewController.m */; };
		3AF4E7BE1E9C65CE00A86085 /* ModelPlace.m in Sources */ = {isa = PBXBuildFile; fileRef = 3AF4E7BD1E9C65CE00A86085 /* ModelPlace.m */; };
		3AF4E7C11E9C6BF700A86085 /* ModelPlaceManager.m in Sources */ = {isa = PBXBuildFile; fileRef = 3AF4E7C01E9C6BF700A86085 /* ModelPlaceManager.m */; };
		3AF4E7C61E9CDCAE00A86085 /* HHXXCityManager+Transform.m in Sources */ = {isa = PBXBuildFile; fileRef = 3AF4E7C51E9CDCAE00A86085 /* HHXXCityManager+Transform.m */; };
		3AF4E7CC1E9E0CB100A86085 /* HHXXViewControllerContainer+Slider.m in Sources */ = {isa = PBXBuildFile; fileRef = 3AF4E7CB1E9E0CB100A86085 /* HHXXViewControllerContainer+Slider.m */; };
		3AF4E7CF1E9E44F800A86085 /* HHXXSliderAnimator.m in Sources */ = {isa = PBXBuildFile; fileRef = 3AF4E7CE1E9E44F800A86085 /* HHXXSliderAnimator.m */; };
		3AF4E7D61E9F1F8B00A86085 /* HHXXNetworkingURLRequestGenerator.m in Sources */ = {isa = PBXBuildFile; fileRef = 3AF4E7D51E9F1F8B00A86085 /* HHXXNetworkingURLRequestGenerator.m */; };
		3AFEF0471E5C1CE4007CC568 /* HHXXNotificationService.m in Sources */ = {isa = PBXBuildFile; fileRef = 3AFEF0461E5C1CE4007CC568 /* HHXXNotificationService.m */; };
		3AFEF04E1E5C2231007CC568 /* HHXXAMapService.m in Sources */ = {isa = PBXBuildFile; fileRef = 3AFEF04D1E5C2231007CC568 /* HHXXAMapService.m */; };
		3AFEF0581E5C291A007CC568 /* HHXXServiceManager.m in Sources */ = {isa = PBXBuildFile; fileRef = 3AFEF0571E5C291A007CC568 /* HHXXServiceManager.m */; };
		3AFEF05B1E5C57CE007CC568 /* HHXXSOADelegate.m in Sources */ = {isa = PBXBuildFile; fileRef = 3AFEF05A1E5C57CE007CC568 /* HHXXSOADelegate.m */; };
		3AFEF0641E5D9808007CC568 /* HHXXBaseUIService.m in Sources */ = {isa = PBXBuildFile; fileRef = 3AFEF0631E5D9808007CC568 /* HHXXBaseUIService.m */; };
		3AFEF0AA1E5EAE2D007CC568 /* HHXXViewControllerContainer.m in Sources */ = {isa = PBXBuildFile; fileRef = 3AFEF0A91E5EAE2D007CC568 /* HHXXViewControllerContainer.m */; };
		3AFEF0AF1E5EEF36007CC568 /* UIColor+Provider.m in Sources */ = {isa = PBXBuildFile; fileRef = 3AFEF0AE1E5EEF36007CC568 /* UIColor+Provider.m */; };
		3AFEF0BB1E5F52E8007CC568 /* HHXXUIKitMacro.c in Sources */ = {isa = PBXBuildFile; fileRef = 3AFEF0B91E5F52E8007CC568 /* HHXXUIKitMacro.c */; };
		5C7F11186A4E5F5703684C10 /* libPods-yahoo-weather-mirror.a in Frameworks */ = {isa = PBXBuildFile; fileRef = C76A801FFE5F4B70324FB2BE /* libPods-yahoo-weather-mirror.a */; };
/* End PBXBuildFile section */

/* Begin PBXContainerItemProxy section */
		3A6CE1981E5B1952008059AC /* PBXContainerItemProxy */ = {
			isa = PBXContainerItemProxy;
			containerPortal = 3A6CE1761E5B1951008059AC /* Project object */;
			proxyType = 1;
			remoteGlobalIDString = 3A6CE17D1E5B1951008059AC;
			remoteInfo = "yahoo-weather-mirror";
		};
		3A6CE1A31E5B1952008059AC /* PBXContainerItemProxy */ = {
			isa = PBXContainerItemProxy;
			containerPortal = 3A6CE1761E5B1951008059AC /* Project object */;
			proxyType = 1;
			remoteGlobalIDString = 3A6CE17D1E5B1951008059AC;
			remoteInfo = "yahoo-weather-mirror";
		};
/* End PBXContainerItemProxy section */

/* Begin PBXFileReference section */
		0FCFB1CF6A839261FCC5F207 /* Pods-yahoo-weather-mirror.debug.xcconfig */ = {isa = PBXFileReference; includeInIndex = 1; lastKnownFileType = text.xcconfig; name = "Pods-yahoo-weather-mirror.debug.xcconfig"; path = "Pods/Target Support Files/Pods-yahoo-weather-mirror/Pods-yahoo-weather-mirror.debug.xcconfig"; sourceTree = "<group>"; };
		3A6CE17E1E5B1952008059AC /* yahoo-weather-mirror.app */ = {isa = PBXFileReference; explicitFileType = wrapper.application; includeInIndex = 0; path = "yahoo-weather-mirror.app"; sourceTree = BUILT_PRODUCTS_DIR; };
		3A6CE1821E5B1952008059AC /* main.m */ = {isa = PBXFileReference; lastKnownFileType = sourcecode.c.objc; path = main.m; sourceTree = "<group>"; };
		3A6CE1841E5B1952008059AC /* AppDelegate.h */ = {isa = PBXFileReference; lastKnownFileType = sourcecode.c.h; path = AppDelegate.h; sourceTree = "<group>"; };
		3A6CE1851E5B1952008059AC /* AppDelegate.m */ = {isa = PBXFileReference; lastKnownFileType = sourcecode.c.objc; path = AppDelegate.m; sourceTree = "<group>"; };
		3A6CE18B1E5B1952008059AC /* Base */ = {isa = PBXFileReference; lastKnownFileType = file.storyboard; name = Base; path = Base.lproj/Main.storyboard; sourceTree = "<group>"; };
		3A6CE18D1E5B1952008059AC /* Assets.xcassets */ = {isa = PBXFileReference; lastKnownFileType = folder.assetcatalog; path = Assets.xcassets; sourceTree = "<group>"; };
		3A6CE1901E5B1952008059AC /* Base */ = {isa = PBXFileReference; lastKnownFileType = file.storyboard; name = Base; path = Base.lproj/LaunchScreen.storyboard; sourceTree = "<group>"; };
		3A6CE1921E5B1952008059AC /* Info.plist */ = {isa = PBXFileReference; lastKnownFileType = text.plist.xml; path = Info.plist; sourceTree = "<group>"; };
		3A6CE1971E5B1952008059AC /* yahoo-weather-mirrorTests.xctest */ = {isa = PBXFileReference; explicitFileType = wrapper.cfbundle; includeInIndex = 0; path = "yahoo-weather-mirrorTests.xctest"; sourceTree = BUILT_PRODUCTS_DIR; };
		3A6CE19B1E5B1952008059AC /* yahoo_weather_mirrorTests.m */ = {isa = PBXFileReference; lastKnownFileType = sourcecode.c.objc; path = yahoo_weather_mirrorTests.m; sourceTree = "<group>"; };
		3A6CE19D1E5B1952008059AC /* Info.plist */ = {isa = PBXFileReference; lastKnownFileType = text.plist.xml; path = Info.plist; sourceTree = "<group>"; };
		3A6CE1A21E5B1952008059AC /* yahoo-weather-mirrorUITests.xctest */ = {isa = PBXFileReference; explicitFileType = wrapper.cfbundle; includeInIndex = 0; path = "yahoo-weather-mirrorUITests.xctest"; sourceTree = BUILT_PRODUCTS_DIR; };
		3A6CE1A61E5B1952008059AC /* yahoo_weather_mirrorUITests.m */ = {isa = PBXFileReference; lastKnownFileType = sourcecode.c.objc; path = yahoo_weather_mirrorUITests.m; sourceTree = "<group>"; };
		3A6CE1A81E5B1952008059AC /* Info.plist */ = {isa = PBXFileReference; lastKnownFileType = text.plist.xml; path = Info.plist; sourceTree = "<group>"; };
		3A8197691E6C08A800A75C10 /* HHXXViewControllerTransitioningContext.h */ = {isa = PBXFileReference; fileEncoding = 4; lastKnownFileType = sourcecode.c.h; name = HHXXViewControllerTransitioningContext.h; path = Tools/ViewControllerContainer/HHXXViewControllerTransitioningContext.h; sourceTree = "<group>"; };
		3A81976A1E6C08A800A75C10 /* HHXXViewControllerTransitioningContext.m */ = {isa = PBXFileReference; fileEncoding = 4; lastKnownFileType = sourcecode.c.objc; name = HHXXViewControllerTransitioningContext.m; path = Tools/ViewControllerContainer/HHXXViewControllerTransitioningContext.m; sourceTree = "<group>"; };
		3ACBCA421E93DD2A00640B0C /* HHXXNetworkingHead.h */ = {isa = PBXFileReference; lastKnownFileType = sourcecode.c.h; name = HHXXNetworkingHead.h; path = Networking/HHXXNetworkingHead.h; sourceTree = "<group>"; };
		3ACBCA461E9538E300640B0C /* HHXXNetworkingProxyUseAF.h */ = {isa = PBXFileReference; fileEncoding = 4; lastKnownFileType = sourcecode.c.h; name = HHXXNetworkingProxyUseAF.h; path = Networking/HHXXNetworkingProxyUseAF.h; sourceTree = "<group>"; };
		3ACBCA471E9538E300640B0C /* HHXXNetworkingProxyUseAF.m */ = {isa = PBXFileReference; fileEncoding = 4; lastKnownFileType = sourcecode.c.objc; name = HHXXNetworkingProxyUseAF.m; path = Networking/HHXXNetworkingProxyUseAF.m; sourceTree = "<group>"; };
		3ACBCA491E962F2700640B0C /* HHXXNetworkingService.h */ = {isa = PBXFileReference; fileEncoding = 4; lastKnownFileType = sourcecode.c.h; name = HHXXNetworkingService.h; path = Networking/HHXXNetworkingService.h; sourceTree = "<group>"; };
		3ACBCA4A1E962F2700640B0C /* HHXXNetworkingService.m */ = {isa = PBXFileReference; fileEncoding = 4; lastKnownFileType = sourcecode.c.objc; name = HHXXNetworkingService.m; path = Networking/HHXXNetworkingService.m; sourceTree = "<group>"; };
		3ACBCA4C1E96352800640B0C /* HHXXNetworkingServiceForBingImage.h */ = {isa = PBXFileReference; fileEncoding = 4; lastKnownFileType = sourcecode.c.h; name = HHXXNetworkingServiceForBingImage.h; path = ApiService/HHXXNetworkingServiceForBingImage.h; sourceTree = "<group>"; };
		3ACBCA4D1E96352800640B0C /* HHXXNetworkingServiceForBingImage.m */ = {isa = PBXFileReference; fileEncoding = 4; lastKnownFileType = sourcecode.c.objc; name = HHXXNetworkingServiceForBingImage.m; path = ApiService/HHXXNetworkingServiceForBingImage.m; sourceTree = "<group>"; };
		3ACBCA501E96356500640B0C /* HHXXNetworkingServiceForWeatherInformation.h */ = {isa = PBXFileReference; fileEncoding = 4; lastKnownFileType = sourcecode.c.h; name = HHXXNetworkingServiceForWeatherInformation.h; path = ApiService/HHXXNetworkingServiceForWeatherInformation.h; sourceTree = "<group>"; };
		3ACBCA511E96356500640B0C /* HHXXNetworkingServiceForWeatherInformation.m */ = {isa = PBXFileReference; fileEncoding = 4; lastKnownFileType = sourcecode.c.objc; name = HHXXNetworkingServiceForWeatherInformation.m; path = ApiService/HHXXNetworkingServiceForWeatherInformation.m; sourceTree = "<group>"; };
		3ACBCA531E96358000640B0C /* HHXXNetworkingServiceForCityInformation.h */ = {isa = PBXFileReference; fileEncoding = 4; lastKnownFileType = sourcecode.c.h; name = HHXXNetworkingServiceForCityInformation.h; path = ApiService/HHXXNetworkingServiceForCityInformation.h; sourceTree = "<group>"; };
		3ACBCA541E96358000640B0C /* HHXXNetworkingServiceForCityInformation.m */ = {isa = PBXFileReference; fileEncoding = 4; lastKnownFileType = sourcecode.c.objc; name = HHXXNetworkingServiceForCityInformation.m; path = ApiService/HHXXNetworkingServiceForCityInformation.m; sourceTree = "<group>"; };
		3ACBCA561E96557400640B0C /* HHXXNetworkingResponse.h */ = {isa = PBXFileReference; fileEncoding = 4; lastKnownFileType = sourcecode.c.h; name = HHXXNetworkingResponse.h; path = Networking/HHXXNetworkingResponse.h; sourceTree = "<group>"; };
		3ACBCA571E96557400640B0C /* HHXXNetworkingResponse.m */ = {isa = PBXFileReference; fileEncoding = 4; lastKnownFileType = sourcecode.c.objc; name = HHXXNetworkingResponse.m; path = Networking/HHXXNetworkingResponse.m; sourceTree = "<group>"; };
		3ACBCA591E967F6E00640B0C /* HHXXYQLApiManager.h */ = {isa = PBXFileReference; fileEncoding = 4; lastKnownFileType = sourcecode.c.h; name = HHXXYQLApiManager.h; path = ApiManager/HHXXYQLApiManager.h; sourceTree = "<group>"; };
		3ACBCA5A1E967F6E00640B0C /* HHXXYQLApiManager.m */ = {isa = PBXFileReference; fileEncoding = 4; lastKnownFileType = sourcecode.c.objc; name = HHXXYQLApiManager.m; path = ApiManager/HHXXYQLApiManager.m; sourceTree = "<group>"; };
		3ACBCA5D1E97074800640B0C /* HHXXBingImageApiManager.h */ = {isa = PBXFileReference; fileEncoding = 4; lastKnownFileType = sourcecode.c.h; name = HHXXBingImageApiManager.h; path = ApiManager/HHXXBingImageApiManager.h; sourceTree = "<group>"; };
		3ACBCA5E1E97074800640B0C /* HHXXBingImageApiManager.m */ = {isa = PBXFileReference; fileEncoding = 4; lastKnownFileType = sourcecode.c.objc; name = HHXXBingImageApiManager.m; path = ApiManager/HHXXBingImageApiManager.m; sourceTree = "<group>"; };
		3ACBCA611E971B9E00640B0C /* ModelAd.h */ = {isa = PBXFileReference; fileEncoding = 4; lastKnownFileType = sourcecode.c.h; name = ModelAd.h; path = Models/ModelAd.h; sourceTree = "<group>"; };
		3ACBCA621E971B9E00640B0C /* ModelAd.m */ = {isa = PBXFileReference; fileEncoding = 4; lastKnownFileType = sourcecode.c.objc; name = ModelAd.m; path = Models/ModelAd.m; sourceTree = "<group>"; };
		3ACBCA631E971B9E00640B0C /* ModelAstronomy.h */ = {isa = PBXFileReference; fileEncoding = 4; lastKnownFileType = sourcecode.c.h; name = ModelAstronomy.h; path = Models/ModelAstronomy.h; sourceTree = "<group>"; };
		3ACBCA641E971B9E00640B0C /* ModelAstronomy.m */ = {isa = PBXFileReference; fileEncoding = 4; lastKnownFileType = sourcecode.c.objc; name = ModelAstronomy.m; path = Models/ModelAstronomy.m; sourceTree = "<group>"; };
		3ACBCA651E971B9E00640B0C /* ModelAtmosphere.h */ = {isa = PBXFileReference; fileEncoding = 4; lastKnownFileType = sourcecode.c.h; name = ModelAtmosphere.h; path = Models/ModelAtmosphere.h; sourceTree = "<group>"; };
		3ACBCA661E971B9E00640B0C /* ModelAtmosphere.m */ = {isa = PBXFileReference; fileEncoding = 4; lastKnownFileType = sourcecode.c.objc; name = ModelAtmosphere.m; path = Models/ModelAtmosphere.m; sourceTree = "<group>"; };
		3ACBCA691E971B9E00640B0C /* ModelYahooWeatherItemTypeInformation.h */ = {isa = PBXFileReference; fileEncoding = 4; lastKnownFileType = sourcecode.c.h; name = ModelYahooWeatherItemTypeInformation.h; path = Models/ModelYahooWeatherItemTypeInformation.h; sourceTree = "<group>"; };
		3ACBCA6A1E971B9E00640B0C /* ModelYahooWeatherItemTypeInformation.m */ = {isa = PBXFileReference; fileEncoding = 4; lastKnownFileType = sourcecode.c.objc; name = ModelYahooWeatherItemTypeInformation.m; path = Models/ModelYahooWeatherItemTypeInformation.m; sourceTree = "<group>"; };
		3ACBCA6B1E971B9E00640B0C /* ModelLocation.h */ = {isa = PBXFileReference; fileEncoding = 4; lastKnownFileType = sourcecode.c.h; name = ModelLocation.h; path = Models/ModelLocation.h; sourceTree = "<group>"; };
		3ACBCA6C1E971B9E00640B0C /* ModelLocation.m */ = {isa = PBXFileReference; fileEncoding = 4; lastKnownFileType = sourcecode.c.objc; name = ModelLocation.m; path = Models/ModelLocation.m; sourceTree = "<group>"; };
		3ACBCA6D1E971B9E00640B0C /* ModelUnits.h */ = {isa = PBXFileReference; fileEncoding = 4; lastKnownFileType = sourcecode.c.h; name = ModelUnits.h; path = Models/ModelUnits.h; sourceTree = "<group>"; };
		3ACBCA6E1E971B9E00640B0C /* ModelUnits.m */ = {isa = PBXFileReference; fileEncoding = 4; lastKnownFileType = sourcecode.c.objc; name = ModelUnits.m; path = Models/ModelUnits.m; sourceTree = "<group>"; };
		3ACBCA6F1E971B9E00640B0C /* ModelWeatherForecast.h */ = {isa = PBXFileReference; fileEncoding = 4; lastKnownFileType = sourcecode.c.h; name = ModelWeatherForecast.h; path = Models/ModelWeatherForecast.h; sourceTree = "<group>"; };
		3ACBCA701E971B9E00640B0C /* ModelWeatherForecast.m */ = {isa = PBXFileReference; fileEncoding = 4; lastKnownFileType = sourcecode.c.objc; name = ModelWeatherForecast.m; path = Models/ModelWeatherForecast.m; sourceTree = "<group>"; };
		3ACBCA711E971B9E00640B0C /* ModelWeatherItem.h */ = {isa = PBXFileReference; fileEncoding = 4; lastKnownFileType = sourcecode.c.h; name = ModelWeatherItem.h; path = Models/ModelWeatherItem.h; sourceTree = "<group>"; };
		3ACBCA721E971B9E00640B0C /* ModelWeatherItem.m */ = {isa = PBXFileReference; fileEncoding = 4; lastKnownFileType = sourcecode.c.objc; name = ModelWeatherItem.m; path = Models/ModelWeatherItem.m; sourceTree = "<group>"; };
		3ACBCA731E971B9E00640B0C /* ModelWind.h */ = {isa = PBXFileReference; fileEncoding = 4; lastKnownFileType = sourcecode.c.h; name = ModelWind.h; path = Models/ModelWind.h; sourceTree = "<group>"; };
		3ACBCA741E971B9E00640B0C /* ModelWind.m */ = {isa = PBXFileReference; fileEncoding = 4; lastKnownFileType = sourcecode.c.objc; name = ModelWind.m; path = Models/ModelWind.m; sourceTree = "<group>"; };
		3ACBCA7F1E9734A600640B0C /* YahooWeatherForecastModelHead.h */ = {isa = PBXFileReference; lastKnownFileType = sourcecode.c.h; name = YahooWeatherForecastModelHead.h; path = Models/YahooWeatherForecastModelHead.h; sourceTree = "<group>"; };
		3ACBCA811E9793F300640B0C /* YahooWeatherItemKey.h */ = {isa = PBXFileReference; fileEncoding = 4; lastKnownFileType = sourcecode.c.h; name = YahooWeatherItemKey.h; path = Models/YahooWeatherItemKey.h; sourceTree = "<group>"; };
		3ACBCA821E9793F300640B0C /* YahooWeatherItemKey.m */ = {isa = PBXFileReference; fileEncoding = 4; lastKnownFileType = sourcecode.c.objc; name = YahooWeatherItemKey.m; path = Models/YahooWeatherItemKey.m; sourceTree = "<group>"; };
		3ACBCA871E98630C00640B0C /* zh-Hans */ = {isa = PBXFileReference; lastKnownFileType = text.plist.strings; name = "zh-Hans"; path = "zh-Hans.lproj/Main.strings"; sourceTree = "<group>"; };
		3ACBCA881E98630C00640B0C /* zh-Hans */ = {isa = PBXFileReference; lastKnownFileType = text.plist.strings; name = "zh-Hans"; path = "zh-Hans.lproj/LaunchScreen.strings"; sourceTree = "<group>"; };
		3ACBCA8A1E98632200640B0C /* zh-Hans */ = {isa = PBXFileReference; lastKnownFileType = text.plist.strings; name = "zh-Hans"; path = "zh-Hans.lproj/Localizable.strings"; sourceTree = "<group>"; };
		3ADF4C7C1EA627F40017976B /* HHXXYahooWeatherRefreshView.h */ = {isa = PBXFileReference; fileEncoding = 4; lastKnownFileType = sourcecode.c.h; name = HHXXYahooWeatherRefreshView.h; path = Modules/HHXXYahooWeatherRefreshView.h; sourceTree = "<group>"; };
		3ADF4C7D1EA627F40017976B /* HHXXYahooWeatherRefreshView.m */ = {isa = PBXFileReference; fileEncoding = 4; lastKnownFileType = sourcecode.c.objc; name = HHXXYahooWeatherRefreshView.m; path = Modules/HHXXYahooWeatherRefreshView.m; sourceTree = "<group>"; };
		3AE357931E6D7B4D002D4221 /* HHXXDefaultTransitioningAnimator.h */ = {isa = PBXFileReference; fileEncoding = 4; lastKnownFileType = sourcecode.c.h; name = HHXXDefaultTransitioningAnimator.h; path = Tools/ViewControllerContainer/HHXXDefaultTransitioningAnimator.h; sourceTree = "<group>"; };
		3AE357941E6D7B4D002D4221 /* HHXXDefaultTransitioningAnimator.m */ = {isa = PBXFileReference; fileEncoding = 4; lastKnownFileType = sourcecode.c.objc; name = HHXXDefaultTransitioningAnimator.m; path = Tools/ViewControllerContainer/HHXXDefaultTransitioningAnimator.m; sourceTree = "<group>"; };
		3AE357961E6ED0D9002D4221 /* UIPanGestureRecognizer+Addition.h */ = {isa = PBXFileReference; fileEncoding = 4; lastKnownFileType = sourcecode.c.h; name = "UIPanGestureRecognizer+Addition.h"; path = "Category/UIPanGestureRecognizer+Addition.h"; sourceTree = "<group>"; };
		3AE357971E6ED0D9002D4221 /* UIPanGestureRecognizer+Addition.m */ = {isa = PBXFileReference; fileEncoding = 4; lastKnownFileType = sourcecode.c.objc; name = "UIPanGestureRecognizer+Addition.m"; path = "Category/UIPanGestureRecognizer+Addition.m"; sourceTree = "<group>"; };
		3AE357991E6ED14B002D4221 /* Macro.h */ = {isa = PBXFileReference; lastKnownFileType = sourcecode.c.h; name = Macro.h; path = Macro/Macro.h; sourceTree = "<group>"; };
		3AE3579A1E6ED1E6002D4221 /* yahoo-weather-mirror.pch */ = {isa = PBXFileReference; lastKnownFileType = sourcecode.c.h; path = "yahoo-weather-mirror.pch"; sourceTree = "<group>"; };
		3AE357A31E6EE399002D4221 /* NSObject+Enumerate.h */ = {isa = PBXFileReference; fileEncoding = 4; lastKnownFileType = sourcecode.c.h; name = "NSObject+Enumerate.h"; path = "Macro/NSObject+Enumerate.h"; sourceTree = "<group>"; };
		3AE357A41E6EE399002D4221 /* NSObject+Enumerate.m */ = {isa = PBXFileReference; fileEncoding = 4; lastKnownFileType = sourcecode.c.objc; name = "NSObject+Enumerate.m"; path = "Macro/NSObject+Enumerate.m"; sourceTree = "<group>"; };
		3AE357A61E6F90F0002D4221 /* SliderViewController.h */ = {isa = PBXFileReference; fileEncoding = 4; lastKnownFileType = sourcecode.c.h; name = SliderViewController.h; path = Modules/SliderViewController.h; sourceTree = "<group>"; };
		3AE357A71E6F90F0002D4221 /* SliderViewController.m */ = {isa = PBXFileReference; fileEncoding = 4; lastKnownFileType = sourcecode.c.objc; name = SliderViewController.m; path = Modules/SliderViewController.m; sourceTree = "<group>"; };
		3AE357A91E6F93E3002D4221 /* YahooWeatherInformationViewController.h */ = {isa = PBXFileReference; fileEncoding = 4; lastKnownFileType = sourcecode.c.h; name = YahooWeatherInformationViewController.h; path = Modules/YahooWeatherInformationViewController.h; sourceTree = "<group>"; };
		3AE357AA1E6F93E3002D4221 /* YahooWeatherInformationViewController.m */ = {isa = PBXFileReference; fileEncoding = 4; lastKnownFileType = sourcecode.c.objc; name = YahooWeatherInformationViewController.m; path = Modules/YahooWeatherInformationViewController.m; sourceTree = "<group>"; };
		3AE357AC1E6FFA73002D4221 /* YahooWeatherInformationView.h */ = {isa = PBXFileReference; fileEncoding = 4; lastKnownFileType = sourcecode.c.h; name = YahooWeatherInformationView.h; path = Modules/YahooWeatherInformationView.h; sourceTree = "<group>"; };
		3AE357AD1E6FFA73002D4221 /* YahooWeatherInformationView.m */ = {isa = PBXFileReference; fileEncoding = 4; lastKnownFileType = sourcecode.c.objc; name = YahooWeatherInformationView.m; path = Modules/YahooWeatherInformationView.m; sourceTree = "<group>"; };
		3AE357AF1E7004A3002D4221 /* HHXXAutoLayoutView.h */ = {isa = PBXFileReference; fileEncoding = 4; lastKnownFileType = sourcecode.c.h; name = HHXXAutoLayoutView.h; path = AutoLayout/HHXXAutoLayoutView.h; sourceTree = "<group>"; };
		3AE357B01E7004A3002D4221 /* HHXXAutoLayoutView.m */ = {isa = PBXFileReference; fileEncoding = 4; lastKnownFileType = sourcecode.c.objc; name = HHXXAutoLayoutView.m; path = AutoLayout/HHXXAutoLayoutView.m; sourceTree = "<group>"; };
		3AE357B31E7031A8002D4221 /* TableViewCellForAd.h */ = {isa = PBXFileReference; fileEncoding = 4; lastKnownFileType = sourcecode.c.h; name = TableViewCellForAd.h; path = Modules/TableViewCellForAd.h; sourceTree = "<group>"; };
		3AE357B41E7031A8002D4221 /* TableViewCellForAd.m */ = {isa = PBXFileReference; fileEncoding = 4; lastKnownFileType = sourcecode.c.objc; name = TableViewCellForAd.m; path = Modules/TableViewCellForAd.m; sourceTree = "<group>"; };
		3AE357B61E7031ED002D4221 /* TableViewCellForDetail.h */ = {isa = PBXFileReference; fileEncoding = 4; lastKnownFileType = sourcecode.c.h; name = TableViewCellForDetail.h; path = Modules/TableViewCellForDetail.h; sourceTree = "<group>"; };
		3AE357B71E7031ED002D4221 /* TableViewCellForDetail.m */ = {isa = PBXFileReference; fileEncoding = 4; lastKnownFileType = sourcecode.c.objc; name = TableViewCellForDetail.m; path = Modules/TableViewCellForDetail.m; sourceTree = "<group>"; };
		3AE357B91E703202002D4221 /* TableViewCellForMap.h */ = {isa = PBXFileReference; fileEncoding = 4; lastKnownFileType = sourcecode.c.h; name = TableViewCellForMap.h; path = Modules/TableViewCellForMap.h; sourceTree = "<group>"; };
		3AE357BA1E703202002D4221 /* TableViewCellForMap.m */ = {isa = PBXFileReference; fileEncoding = 4; lastKnownFileType = sourcecode.c.objc; name = TableViewCellForMap.m; path = Modules/TableViewCellForMap.m; sourceTree = "<group>"; };
		3AE357BC1E703217002D4221 /* TableViewCellForRainFall.h */ = {isa = PBXFileReference; fileEncoding = 4; lastKnownFileType = sourcecode.c.h; name = TableViewCellForRainFall.h; path = Modules/TableViewCellForRainFall.h; sourceTree = "<group>"; };
		3AE357BD1E703217002D4221 /* TableViewCellForRainFall.m */ = {isa = PBXFileReference; fileEncoding = 4; lastKnownFileType = sourcecode.c.objc; name = TableViewCellForRainFall.m; path = Modules/TableViewCellForRainFall.m; sourceTree = "<group>"; };
		3AE357BF1E70322C002D4221 /* TableViewCellForSpeed.h */ = {isa = PBXFileReference; fileEncoding = 4; lastKnownFileType = sourcecode.c.h; name = TableViewCellForSpeed.h; path = Modules/TableViewCellForSpeed.h; sourceTree = "<group>"; };
		3AE357C01E70322C002D4221 /* TableViewCellForSpeed.m */ = {isa = PBXFileReference; fileEncoding = 4; lastKnownFileType = sourcecode.c.objc; name = TableViewCellForSpeed.m; path = Modules/TableViewCellForSpeed.m; sourceTree = "<group>"; };
		3AE357C21E70323C002D4221 /* TableViewCellForSunMoon.h */ = {isa = PBXFileReference; fileEncoding = 4; lastKnownFileType = sourcecode.c.h; name = TableViewCellForSunMoon.h; path = Modules/TableViewCellForSunMoon.h; sourceTree = "<group>"; };
		3AE357C31E70323C002D4221 /* TableViewCellForSunMoon.m */ = {isa = PBXFileReference; fileEncoding = 4; lastKnownFileType = sourcecode.c.objc; name = TableViewCellForSunMoon.m; path = Modules/TableViewCellForSunMoon.m; sourceTree = "<group>"; };
		3AE357C51E703263002D4221 /* TableViewCellForWeekDaily.h */ = {isa = PBXFileReference; fileEncoding = 4; lastKnownFileType = sourcecode.c.h; name = TableViewCellForWeekDaily.h; path = Modules/TableViewCellForWeekDaily.h; sourceTree = "<group>"; };
		3AE357C61E703263002D4221 /* TableViewCellForWeekDaily.m */ = {isa = PBXFileReference; fileEncoding = 4; lastKnownFileType = sourcecode.c.objc; name = TableViewCellForWeekDaily.m; path = Modules/TableViewCellForWeekDaily.m; sourceTree = "<group>"; };
		3AE357C81E70342F002D4221 /* HHXXAutoLayoutTableViewCell.h */ = {isa = PBXFileReference; fileEncoding = 4; lastKnownFileType = sourcecode.c.h; name = HHXXAutoLayoutTableViewCell.h; path = AutoLayout/HHXXAutoLayoutTableViewCell.h; sourceTree = "<group>"; };
		3AE357C91E70342F002D4221 /* HHXXAutoLayoutTableViewCell.m */ = {isa = PBXFileReference; fileEncoding = 4; lastKnownFileType = sourcecode.c.objc; name = HHXXAutoLayoutTableViewCell.m; path = AutoLayout/HHXXAutoLayoutTableViewCell.m; sourceTree = "<group>"; };
		3AE357CB1E711611002D4221 /* UIView+Border.h */ = {isa = PBXFileReference; fileEncoding = 4; lastKnownFileType = sourcecode.c.h; name = "UIView+Border.h"; path = "Category/UIView+Border.h"; sourceTree = "<group>"; };
		3AE357CC1E711611002D4221 /* UIView+Border.m */ = {isa = PBXFileReference; fileEncoding = 4; lastKnownFileType = sourcecode.c.objc; name = "UIView+Border.m"; path = "Category/UIView+Border.m"; sourceTree = "<group>"; };
		3AE357CE1E7131F2002D4221 /* HHXXAutoLayoutDynamicView.h */ = {isa = PBXFileReference; fileEncoding = 4; lastKnownFileType = sourcecode.c.h; name = HHXXAutoLayoutDynamicView.h; path = AutoLayout/HHXXAutoLayoutDynamicView.h; sourceTree = "<group>"; };
		3AE357CF1E7131F2002D4221 /* HHXXAutoLayoutDynamicView.m */ = {isa = PBXFileReference; fileEncoding = 4; lastKnownFileType = sourcecode.c.objc; name = HHXXAutoLayoutDynamicView.m; path = AutoLayout/HHXXAutoLayoutDynamicView.m; sourceTree = "<group>"; };
		3AE357D11E72343C002D4221 /* UIView+AutoLayout.h */ = {isa = PBXFileReference; fileEncoding = 4; lastKnownFileType = sourcecode.c.h; name = "UIView+AutoLayout.h"; path = "Category/UIView+AutoLayout.h"; sourceTree = "<group>"; };
		3AE357D21E72343C002D4221 /* UIView+AutoLayout.m */ = {isa = PBXFileReference; fileEncoding = 4; lastKnownFileType = sourcecode.c.objc; name = "UIView+AutoLayout.m"; path = "Category/UIView+AutoLayout.m"; sourceTree = "<group>"; };
		3AE357D41E72F027002D4221 /* NSAttributedString+Attachment.h */ = {isa = PBXFileReference; fileEncoding = 4; lastKnownFileType = sourcecode.c.h; name = "NSAttributedString+Attachment.h"; path = "Category/NSAttributedString+Attachment.h"; sourceTree = "<group>"; };
		3AE357D51E72F027002D4221 /* NSAttributedString+Attachment.m */ = {isa = PBXFileReference; fileEncoding = 4; lastKnownFileType = sourcecode.c.objc; name = "NSAttributedString+Attachment.m"; path = "Category/NSAttributedString+Attachment.m"; sourceTree = "<group>"; };
		3AE357D71E73088F002D4221 /* UITableViewCell+EnableDrag.h */ = {isa = PBXFileReference; fileEncoding = 4; lastKnownFileType = sourcecode.c.h; name = "UITableViewCell+EnableDrag.h"; path = "Category/UITableViewCell+EnableDrag.h"; sourceTree = "<group>"; };
		3AE357D81E73088F002D4221 /* UITableViewCell+EnableDrag.m */ = {isa = PBXFileReference; fileEncoding = 4; lastKnownFileType = sourcecode.c.objc; name = "UITableViewCell+EnableDrag.m"; path = "Category/UITableViewCell+EnableDrag.m"; sourceTree = "<group>"; };
		3AEBF4641E822EAE00AB9548 /* HHXXCity.h */ = {isa = PBXFileReference; fileEncoding = 4; lastKnownFileType = sourcecode.c.h; name = HHXXCity.h; path = Models/HHXXCity.h; sourceTree = "<group>"; };
		3AEBF4651E822EAE00AB9548 /* HHXXCity.m */ = {isa = PBXFileReference; fileEncoding = 4; lastKnownFileType = sourcecode.c.objc; name = HHXXCity.m; path = Models/HHXXCity.m; sourceTree = "<group>"; };
		3AEBF4671E822EC500AB9548 /* HHXXSetting.h */ = {isa = PBXFileReference; fileEncoding = 4; lastKnownFileType = sourcecode.c.h; name = HHXXSetting.h; path = Models/HHXXSetting.h; sourceTree = "<group>"; };
		3AEBF4681E822EC500AB9548 /* HHXXSetting.m */ = {isa = PBXFileReference; fileEncoding = 4; lastKnownFileType = sourcecode.c.objc; name = HHXXSetting.m; path = Models/HHXXSetting.m; sourceTree = "<group>"; };
		3AEBF46A1E822F6000AB9548 /* HHXXCityManager.h */ = {isa = PBXFileReference; fileEncoding = 4; lastKnownFileType = sourcecode.c.h; name = HHXXCityManager.h; path = Models/HHXXCityManager.h; sourceTree = "<group>"; };
		3AEBF46B1E822F6000AB9548 /* HHXXCityManager.m */ = {isa = PBXFileReference; fileEncoding = 4; lastKnownFileType = sourcecode.c.objc; name = HHXXCityManager.m; path = Models/HHXXCityManager.m; sourceTree = "<group>"; };
		3AEBF4731E83C9B800AB9548 /* UIImage+Processing.h */ = {isa = PBXFileReference; fileEncoding = 4; lastKnownFileType = sourcecode.c.h; name = "UIImage+Processing.h"; path = "Category/UIImage+Processing.h"; sourceTree = "<group>"; };
		3AEBF4741E83C9B800AB9548 /* UIImage+Processing.m */ = {isa = PBXFileReference; fileEncoding = 4; lastKnownFileType = sourcecode.c.objc; name = "UIImage+Processing.m"; path = "Category/UIImage+Processing.m"; sourceTree = "<group>"; };
		3AEBF4761E83CB2100AB9548 /* HHXXWindmillView.h */ = {isa = PBXFileReference; fileEncoding = 4; lastKnownFileType = sourcecode.c.h; name = HHXXWindmillView.h; path = Modules/HHXXWindmillView.h; sourceTree = "<group>"; };
		3AEBF4771E83CB2100AB9548 /* HHXXWindmillView.m */ = {isa = PBXFileReference; fileEncoding = 4; lastKnownFileType = sourcecode.c.objc; name = HHXXWindmillView.m; path = Modules/HHXXWindmillView.m; sourceTree = "<group>"; };
		3AEBF4791E84ABBB00AB9548 /* HHXXSunRaiseLayer.h */ = {isa = PBXFileReference; fileEncoding = 4; lastKnownFileType = sourcecode.c.h; name = HHXXSunRaiseLayer.h; path = Modules/HHXXSunRaiseLayer.h; sourceTree = "<group>"; };
		3AEBF47A1E84ABBB00AB9548 /* HHXXSunRaiseLayer.m */ = {isa = PBXFileReference; fileEncoding = 4; lastKnownFileType = sourcecode.c.objc; name = HHXXSunRaiseLayer.m; path = Modules/HHXXSunRaiseLayer.m; sourceTree = "<group>"; };
		3AEBF47D1E8BFEE200AB9548 /* HHXXAbstractApiManager.h */ = {isa = PBXFileReference; fileEncoding = 4; lastKnownFileType = sourcecode.c.h; name = HHXXAbstractApiManager.h; path = Networking/HHXXAbstractApiManager.h; sourceTree = "<group>"; };
		3AEBF47E1E8BFEE200AB9548 /* HHXXAbstractApiManager.m */ = {isa = PBXFileReference; fileEncoding = 4; lastKnownFileType = sourcecode.c.objc; name = HHXXAbstractApiManager.m; path = Networking/HHXXAbstractApiManager.m; sourceTree = "<group>"; };
		3AEBF4801E8DCC2E00AB9548 /* HHXXNetworkingStateMonitorService.h */ = {isa = PBXFileReference; fileEncoding = 4; lastKnownFileType = sourcecode.c.h; name = HHXXNetworkingStateMonitorService.h; path = Services/HHXXNetworkingStateMonitorService.h; sourceTree = "<group>"; };
		3AEBF4811E8DCC2E00AB9548 /* HHXXNetworkingStateMonitorService.m */ = {isa = PBXFileReference; fileEncoding = 4; lastKnownFileType = sourcecode.c.objc; name = HHXXNetworkingStateMonitorService.m; path = Services/HHXXNetworkingStateMonitorService.m; sourceTree = "<group>"; };
		3AF4E7901E9B028300A86085 /* HHXXCustionNavigationView.h */ = {isa = PBXFileReference; fileEncoding = 4; lastKnownFileType = sourcecode.c.h; name = HHXXCustionNavigationView.h; path = Models/HHXXCustionNavigationView.h; sourceTree = "<group>"; };
		3AF4E7911E9B028300A86085 /* HHXXCustionNavigationView.m */ = {isa = PBXFileReference; fileEncoding = 4; lastKnownFileType = sourcecode.c.objc; name = HHXXCustionNavigationView.m; path = Models/HHXXCustionNavigationView.m; sourceTree = "<group>"; };
		3AF4E7931E9B99BA00A86085 /* UIViewController+Decorate.h */ = {isa = PBXFileReference; fileEncoding = 4; lastKnownFileType = sourcecode.c.h; name = "UIViewController+Decorate.h"; path = "Category/UIViewController+Decorate.h"; sourceTree = "<group>"; };
		3AF4E7941E9B99BA00A86085 /* UIViewController+Decorate.m */ = {isa = PBXFileReference; fileEncoding = 4; lastKnownFileType = sourcecode.c.objc; name = "UIViewController+Decorate.m"; path = "Category/UIViewController+Decorate.m"; sourceTree = "<group>"; };
		3AF4E7991E9B9DB100A86085 /* HHXXViewControllerContainer+Private.h */ = {isa = PBXFileReference; lastKnownFileType = sourcecode.c.h; name = "HHXXViewControllerContainer+Private.h"; path = "Tools/ViewControllerContainer/HHXXViewControllerContainer+Private.h"; sourceTree = "<group>"; };
		3AF4E7A11E9BBD7100A86085 /* HHXXSettingManager.h */ = {isa = PBXFileReference; fileEncoding = 4; lastKnownFileType = sourcecode.c.h; name = HHXXSettingManager.h; path = Models/HHXXSettingManager.h; sourceTree = "<group>"; };
		3AF4E7A21E9BBD7100A86085 /* HHXXSettingManager.m */ = {isa = PBXFileReference; fileEncoding = 4; lastKnownFileType = sourcecode.c.objc; name = HHXXSettingManager.m; path = Models/HHXXSettingManager.m; sourceTree = "<group>"; };
		3AF4E7A41E9BD34700A86085 /* HHXXCity+Transform.h */ = {isa = PBXFileReference; fileEncoding = 4; lastKnownFileType = sourcecode.c.h; name = "HHXXCity+Transform.h"; path = "Models/HHXXCity+Transform.h"; sourceTree = "<group>"; };
		3AF4E7A51E9BD34700A86085 /* HHXXCity+Transform.m */ = {isa = PBXFileReference; fileEncoding = 4; lastKnownFileType = sourcecode.c.objc; name = "HHXXCity+Transform.m"; path = "Models/HHXXCity+Transform.m"; sourceTree = "<group>"; };
		3AF4E7A71E9BE76F00A86085 /* HHXXEditCityViewController.h */ = {isa = PBXFileReference; fileEncoding = 4; lastKnownFileType = sourcecode.c.h; name = HHXXEditCityViewController.h; path = Modules/HHXXEditCityViewController.h; sourceTree = "<group>"; };
		3AF4E7A81E9BE76F00A86085 /* HHXXEditCityViewController.m */ = {isa = PBXFileReference; fileEncoding = 4; lastKnownFileType = sourcecode.c.objc; name = HHXXEditCityViewController.m; path = Modules/HHXXEditCityViewController.m; sourceTree = "<group>"; };
		3AF4E7AA1E9BECE800A86085 /* TableViewCellForCurrentPosition.h */ = {isa = PBXFileReference; fileEncoding = 4; lastKnownFileType = sourcecode.c.h; name = TableViewCellForCurrentPosition.h; path = Modules/TableViewCellForCurrentPosition.h; sourceTree = "<group>"; };
		3AF4E7AB1E9BECE800A86085 /* TableViewCellForCurrentPosition.m */ = {isa = PBXFileReference; fileEncoding = 4; lastKnownFileType = sourcecode.c.objc; name = TableViewCellForCurrentPosition.m; path = Modules/TableViewCellForCurrentPosition.m; sourceTree = "<group>"; };
		3AF4E7B41E9BEEA300A86085 /* TableViewCellForPosition.h */ = {isa = PBXFileReference; fileEncoding = 4; lastKnownFileType = sourcecode.c.h; name = TableViewCellForPosition.h; path = Modules/TableViewCellForPosition.h; sourceTree = "<group>"; };
		3AF4E7B51E9BEEA300A86085 /* TableViewCellForPosition.m */ = {isa = PBXFileReference; fileEncoding = 4; lastKnownFileType = sourcecode.c.objc; name = TableViewCellForPosition.m; path = Modules/TableViewCellForPosition.m; sourceTree = "<group>"; };
		3AF4E7B61E9BEEA300A86085 /* TableViewCellForPosition.xib */ = {isa = PBXFileReference; fileEncoding = 4; lastKnownFileType = file.xib; name = TableViewCellForPosition.xib; path = Modules/TableViewCellForPosition.xib; sourceTree = "<group>"; };
		3AF4E7B91E9BF58800A86085 /* HHXXAddNewCityViewController.h */ = {isa = PBXFileReference; fileEncoding = 4; lastKnownFileType = sourcecode.c.h; name = HHXXAddNewCityViewController.h; path = Modules/HHXXAddNewCityViewController.h; sourceTree = "<group>"; };
		3AF4E7BA1E9BF58800A86085 /* HHXXAddNewCityViewController.m */ = {isa = PBXFileReference; fileEncoding = 4; lastKnownFileType = sourcecode.c.objc; name = HHXXAddNewCityViewController.m; path = Modules/HHXXAddNewCityViewController.m; sourceTree = "<group>"; };
		3AF4E7BC1E9C65CE00A86085 /* ModelPlace.h */ = {isa = PBXFileReference; fileEncoding = 4; lastKnownFileType = sourcecode.c.h; name = ModelPlace.h; path = Models/ModelPlace.h; sourceTree = "<group>"; };
		3AF4E7BD1E9C65CE00A86085 /* ModelPlace.m */ = {isa = PBXFileReference; fileEncoding = 4; lastKnownFileType = sourcecode.c.objc; name = ModelPlace.m; path = Models/ModelPlace.m; sourceTree = "<group>"; };
		3AF4E7BF1E9C6BF700A86085 /* ModelPlaceManager.h */ = {isa = PBXFileReference; fileEncoding = 4; lastKnownFileType = sourcecode.c.h; name = ModelPlaceManager.h; path = Models/ModelPlaceManager.h; sourceTree = "<group>"; };
		3AF4E7C01E9C6BF700A86085 /* ModelPlaceManager.m */ = {isa = PBXFileReference; fileEncoding = 4; lastKnownFileType = sourcecode.c.objc; name = ModelPlaceManager.m; path = Models/ModelPlaceManager.m; sourceTree = "<group>"; };
		3AF4E7C31E9C87C400A86085 /* LeftSliderHead.h */ = {isa = PBXFileReference; lastKnownFileType = sourcecode.c.h; path = LeftSliderHead.h; sourceTree = "<group>"; };
		3AF4E7C41E9CDCAE00A86085 /* HHXXCityManager+Transform.h */ = {isa = PBXFileReference; fileEncoding = 4; lastKnownFileType = sourcecode.c.h; name = "HHXXCityManager+Transform.h"; path = "Models/HHXXCityManager+Transform.h"; sourceTree = "<group>"; };
		3AF4E7C51E9CDCAE00A86085 /* HHXXCityManager+Transform.m */ = {isa = PBXFileReference; fileEncoding = 4; lastKnownFileType = sourcecode.c.objc; name = "HHXXCityManager+Transform.m"; path = "Models/HHXXCityManager+Transform.m"; sourceTree = "<group>"; };
		3AF4E7CA1E9E0CB100A86085 /* HHXXViewControllerContainer+Slider.h */ = {isa = PBXFileReference; fileEncoding = 4; lastKnownFileType = sourcecode.c.h; name = "HHXXViewControllerContainer+Slider.h"; path = "Tools/ViewControllerContainer/HHXXViewControllerContainer+Slider.h"; sourceTree = "<group>"; };
		3AF4E7CB1E9E0CB100A86085 /* HHXXViewControllerContainer+Slider.m */ = {isa = PBXFileReference; fileEncoding = 4; lastKnownFileType = sourcecode.c.objc; name = "HHXXViewControllerContainer+Slider.m"; path = "Tools/ViewControllerContainer/HHXXViewControllerContainer+Slider.m"; sourceTree = "<group>"; };
		3AF4E7CD1E9E44F800A86085 /* HHXXSliderAnimator.h */ = {isa = PBXFileReference; fileEncoding = 4; lastKnownFileType = sourcecode.c.h; name = HHXXSliderAnimator.h; path = Tools/ViewControllerContainer/HHXXSliderAnimator.h; sourceTree = "<group>"; };
		3AF4E7CE1E9E44F800A86085 /* HHXXSliderAnimator.m */ = {isa = PBXFileReference; fileEncoding = 4; lastKnownFileType = sourcecode.c.objc; name = HHXXSliderAnimator.m; path = Tools/ViewControllerContainer/HHXXSliderAnimator.m; sourceTree = "<group>"; };
		3AF4E7D01E9E742A00A86085 /* HHXXViewControllerContainerHead.h */ = {isa = PBXFileReference; lastKnownFileType = sourcecode.c.h; name = HHXXViewControllerContainerHead.h; path = Tools/ViewControllerContainer/HHXXViewControllerContainerHead.h; sourceTree = "<group>"; };
		3AF4E7D41E9F1F8B00A86085 /* HHXXNetworkingURLRequestGenerator.h */ = {isa = PBXFileReference; fileEncoding = 4; lastKnownFileType = sourcecode.c.h; name = HHXXNetworkingURLRequestGenerator.h; path = Networking/HHXXNetworkingURLRequestGenerator.h; sourceTree = "<group>"; };
		3AF4E7D51E9F1F8B00A86085 /* HHXXNetworkingURLRequestGenerator.m */ = {isa = PBXFileReference; fileEncoding = 4; lastKnownFileType = sourcecode.c.objc; name = HHXXNetworkingURLRequestGenerator.m; path = Networking/HHXXNetworkingURLRequestGenerator.m; sourceTree = "<group>"; };
		3AFEF0451E5C1CE4007CC568 /* HHXXNotificationService.h */ = {isa = PBXFileReference; fileEncoding = 4; lastKnownFileType = sourcecode.c.h; name = HHXXNotificationService.h; path = Services/HHXXNotificationService.h; sourceTree = "<group>"; };
		3AFEF0461E5C1CE4007CC568 /* HHXXNotificationService.m */ = {isa = PBXFileReference; fileEncoding = 4; lastKnownFileType = sourcecode.c.objc; name = HHXXNotificationService.m; path = Services/HHXXNotificationService.m; sourceTree = "<group>"; };
		3AFEF04C1E5C2231007CC568 /* HHXXAMapService.h */ = {isa = PBXFileReference; fileEncoding = 4; lastKnownFileType = sourcecode.c.h; name = HHXXAMapService.h; path = Services/HHXXAMapService.h; sourceTree = "<group>"; };
		3AFEF04D1E5C2231007CC568 /* HHXXAMapService.m */ = {isa = PBXFileReference; fileEncoding = 4; lastKnownFileType = sourcecode.c.objc; name = HHXXAMapService.m; path = Services/HHXXAMapService.m; sourceTree = "<group>"; };
		3AFEF0561E5C291A007CC568 /* HHXXServiceManager.h */ = {isa = PBXFileReference; fileEncoding = 4; lastKnownFileType = sourcecode.c.h; name = HHXXServiceManager.h; path = Services/HHXXServiceManager.h; sourceTree = "<group>"; };
		3AFEF0571E5C291A007CC568 /* HHXXServiceManager.m */ = {isa = PBXFileReference; fileEncoding = 4; lastKnownFileType = sourcecode.c.objc; name = HHXXServiceManager.m; path = Services/HHXXServiceManager.m; sourceTree = "<group>"; };
		3AFEF0591E5C57CE007CC568 /* HHXXSOADelegate.h */ = {isa = PBXFileReference; fileEncoding = 4; lastKnownFileType = sourcecode.c.h; name = HHXXSOADelegate.h; path = Services/HHXXSOADelegate.h; sourceTree = "<group>"; };
		3AFEF05A1E5C57CE007CC568 /* HHXXSOADelegate.m */ = {isa = PBXFileReference; fileEncoding = 4; lastKnownFileType = sourcecode.c.objc; name = HHXXSOADelegate.m; path = Services/HHXXSOADelegate.m; sourceTree = "<group>"; };
		3AFEF0621E5D9808007CC568 /* HHXXBaseUIService.h */ = {isa = PBXFileReference; fileEncoding = 4; lastKnownFileType = sourcecode.c.h; name = HHXXBaseUIService.h; path = Services/HHXXBaseUIService.h; sourceTree = "<group>"; };
		3AFEF0631E5D9808007CC568 /* HHXXBaseUIService.m */ = {isa = PBXFileReference; fileEncoding = 4; lastKnownFileType = sourcecode.c.objc; name = HHXXBaseUIService.m; path = Services/HHXXBaseUIService.m; sourceTree = "<group>"; };
		3AFEF0A81E5EAE2D007CC568 /* HHXXViewControllerContainer.h */ = {isa = PBXFileReference; fileEncoding = 4; lastKnownFileType = sourcecode.c.h; name = HHXXViewControllerContainer.h; path = Tools/ViewControllerContainer/HHXXViewControllerContainer.h; sourceTree = "<group>"; };
		3AFEF0A91E5EAE2D007CC568 /* HHXXViewControllerContainer.m */ = {isa = PBXFileReference; fileEncoding = 4; lastKnownFileType = sourcecode.c.objc; name = HHXXViewControllerContainer.m; path = Tools/ViewControllerContainer/HHXXViewControllerContainer.m; sourceTree = "<group>"; };
		3AFEF0AD1E5EEF36007CC568 /* UIColor+Provider.h */ = {isa = PBXFileReference; fileEncoding = 4; lastKnownFileType = sourcecode.c.h; name = "UIColor+Provider.h"; path = "Category/UIColor+Provider.h"; sourceTree = "<group>"; };
		3AFEF0AE1E5EEF36007CC568 /* UIColor+Provider.m */ = {isa = PBXFileReference; fileEncoding = 4; lastKnownFileType = sourcecode.c.objc; name = "UIColor+Provider.m"; path = "Category/UIColor+Provider.m"; sourceTree = "<group>"; };
		3AFEF0B91E5F52E8007CC568 /* HHXXUIKitMacro.c */ = {isa = PBXFileReference; fileEncoding = 4; lastKnownFileType = sourcecode.c.c; name = HHXXUIKitMacro.c; path = Macro/HHXXUIKitMacro.c; sourceTree = "<group>"; };
		3AFEF0BA1E5F52E8007CC568 /* HHXXUIKitMacro.h */ = {isa = PBXFileReference; fileEncoding = 4; lastKnownFileType = sourcecode.c.h; name = HHXXUIKitMacro.h; path = Macro/HHXXUIKitMacro.h; sourceTree = "<group>"; };
		999093E0B8A5E5F11FDEF2BF /* Pods-yahoo-weather-mirror.release.xcconfig */ = {isa = PBXFileReference; includeInIndex = 1; lastKnownFileType = text.xcconfig; name = "Pods-yahoo-weather-mirror.release.xcconfig"; path = "Pods/Target Support Files/Pods-yahoo-weather-mirror/Pods-yahoo-weather-mirror.release.xcconfig"; sourceTree = "<group>"; };
		C76A801FFE5F4B70324FB2BE /* libPods-yahoo-weather-mirror.a */ = {isa = PBXFileReference; explicitFileType = archive.ar; includeInIndex = 0; path = "libPods-yahoo-weather-mirror.a"; sourceTree = BUILT_PRODUCTS_DIR; };
/* End PBXFileReference section */

/* Begin PBXFrameworksBuildPhase section */
		3A6CE17B1E5B1951008059AC /* Frameworks */ = {
			isa = PBXFrameworksBuildPhase;
			buildActionMask = 2147483647;
			files = (
				5C7F11186A4E5F5703684C10 /* libPods-yahoo-weather-mirror.a in Frameworks */,
			);
			runOnlyForDeploymentPostprocessing = 0;
		};
		3A6CE1941E5B1952008059AC /* Frameworks */ = {
			isa = PBXFrameworksBuildPhase;
			buildActionMask = 2147483647;
			files = (
			);
			runOnlyForDeploymentPostprocessing = 0;
		};
		3A6CE19F1E5B1952008059AC /* Frameworks */ = {
			isa = PBXFrameworksBuildPhase;
			buildActionMask = 2147483647;
			files = (
			);
			runOnlyForDeploymentPostprocessing = 0;
		};
/* End PBXFrameworksBuildPhase section */

/* Begin PBXGroup section */
		3A6CE1751E5B1951008059AC = {
			isa = PBXGroup;
			children = (
				3A6CE1801E5B1952008059AC /* yahoo-weather-mirror */,
				3A6CE19A1E5B1952008059AC /* yahoo-weather-mirrorTests */,
				3A6CE1A51E5B1952008059AC /* yahoo-weather-mirrorUITests */,
				3A6CE17F1E5B1952008059AC /* Products */,
				E181105225564BF61224709C /* Pods */,
				7B6C0E6ABF079E13A36B3B06 /* Frameworks */,
			);
			sourceTree = "<group>";
		};
		3A6CE17F1E5B1952008059AC /* Products */ = {
			isa = PBXGroup;
			children = (
				3A6CE17E1E5B1952008059AC /* yahoo-weather-mirror.app */,
				3A6CE1971E5B1952008059AC /* yahoo-weather-mirrorTests.xctest */,
				3A6CE1A21E5B1952008059AC /* yahoo-weather-mirrorUITests.xctest */,
			);
			name = Products;
			sourceTree = "<group>";
		};
		3A6CE1801E5B1952008059AC /* yahoo-weather-mirror */ = {
			isa = PBXGroup;
			children = (
				3AFEF0551E5C26FA007CC568 /* Tools */,
				3AFEF0541E5C2609007CC568 /* Vendors */,
				3AFEF0531E5C253A007CC568 /* Doc */,
				3AFEF0521E5C2476007CC568 /* Res */,
				3AFEF0501E5C227A007CC568 /* Modules */,
				3AFEF04F1E5C2272007CC568 /* Models */,
				3AFEF0481E5C1CEB007CC568 /* Services */,
				3A6CE1841E5B1952008059AC /* AppDelegate.h */,
				3A6CE1851E5B1952008059AC /* AppDelegate.m */,
				3A6CE18A1E5B1952008059AC /* Main.storyboard */,
				3A6CE18D1E5B1952008059AC /* Assets.xcassets */,
				3A6CE18F1E5B1952008059AC /* LaunchScreen.storyboard */,
				3A6CE1921E5B1952008059AC /* Info.plist */,
				3A6CE1811E5B1952008059AC /* Supporting Files */,
			);
			path = "yahoo-weather-mirror";
			sourceTree = "<group>";
		};
		3A6CE1811E5B1952008059AC /* Supporting Files */ = {
			isa = PBXGroup;
			children = (
				3A6CE1821E5B1952008059AC /* main.m */,
				3AE3579A1E6ED1E6002D4221 /* yahoo-weather-mirror.pch */,
			);
			name = "Supporting Files";
			sourceTree = "<group>";
		};
		3A6CE19A1E5B1952008059AC /* yahoo-weather-mirrorTests */ = {
			isa = PBXGroup;
			children = (
				3A6CE19B1E5B1952008059AC /* yahoo_weather_mirrorTests.m */,
				3A6CE19D1E5B1952008059AC /* Info.plist */,
			);
			path = "yahoo-weather-mirrorTests";
			sourceTree = "<group>";
		};
		3A6CE1A51E5B1952008059AC /* yahoo-weather-mirrorUITests */ = {
			isa = PBXGroup;
			children = (
				3A6CE1A61E5B1952008059AC /* yahoo_weather_mirrorUITests.m */,
				3A6CE1A81E5B1952008059AC /* Info.plist */,
			);
			path = "yahoo-weather-mirrorUITests";
			sourceTree = "<group>";
		};
		3ACBCA4F1E96353600640B0C /* ApiService */ = {
			isa = PBXGroup;
			children = (
				3ACBCA4C1E96352800640B0C /* HHXXNetworkingServiceForBingImage.h */,
				3ACBCA4D1E96352800640B0C /* HHXXNetworkingServiceForBingImage.m */,
				3ACBCA501E96356500640B0C /* HHXXNetworkingServiceForWeatherInformation.h */,
				3ACBCA511E96356500640B0C /* HHXXNetworkingServiceForWeatherInformation.m */,
				3ACBCA531E96358000640B0C /* HHXXNetworkingServiceForCityInformation.h */,
				3ACBCA541E96358000640B0C /* HHXXNetworkingServiceForCityInformation.m */,
			);
			name = ApiService;
			sourceTree = "<group>";
		};
		3ACBCA5C1E967F7900640B0C /* ApiManager */ = {
			isa = PBXGroup;
			children = (
				3ACBCA591E967F6E00640B0C /* HHXXYQLApiManager.h */,
				3ACBCA5A1E967F6E00640B0C /* HHXXYQLApiManager.m */,
				3ACBCA5D1E97074800640B0C /* HHXXBingImageApiManager.h */,
				3ACBCA5E1E97074800640B0C /* HHXXBingImageApiManager.m */,
			);
			name = ApiManager;
			sourceTree = "<group>";
		};
		3ACBCA601E971B5000640B0C /* YahooWeatherForecast */ = {
			isa = PBXGroup;
			children = (
				3ACBCA611E971B9E00640B0C /* ModelAd.h */,
				3ACBCA621E971B9E00640B0C /* ModelAd.m */,
				3ACBCA631E971B9E00640B0C /* ModelAstronomy.h */,
				3ACBCA641E971B9E00640B0C /* ModelAstronomy.m */,
				3ACBCA651E971B9E00640B0C /* ModelAtmosphere.h */,
				3ACBCA661E971B9E00640B0C /* ModelAtmosphere.m */,
				3ACBCA691E971B9E00640B0C /* ModelYahooWeatherItemTypeInformation.h */,
				3ACBCA6A1E971B9E00640B0C /* ModelYahooWeatherItemTypeInformation.m */,
				3ACBCA6B1E971B9E00640B0C /* ModelLocation.h */,
				3ACBCA6C1E971B9E00640B0C /* ModelLocation.m */,
				3ACBCA6D1E971B9E00640B0C /* ModelUnits.h */,
				3ACBCA6E1E971B9E00640B0C /* ModelUnits.m */,
				3ACBCA6F1E971B9E00640B0C /* ModelWeatherForecast.h */,
				3ACBCA701E971B9E00640B0C /* ModelWeatherForecast.m */,
				3ACBCA711E971B9E00640B0C /* ModelWeatherItem.h */,
				3ACBCA721E971B9E00640B0C /* ModelWeatherItem.m */,
				3ACBCA731E971B9E00640B0C /* ModelWind.h */,
				3ACBCA741E971B9E00640B0C /* ModelWind.m */,
				3ACBCA7F1E9734A600640B0C /* YahooWeatherForecastModelHead.h */,
				3ACBCA811E9793F300640B0C /* YahooWeatherItemKey.h */,
				3ACBCA821E9793F300640B0C /* YahooWeatherItemKey.m */,
			);
			name = YahooWeatherForecast;
			sourceTree = "<group>";
		};
		3ACBCA841E98610500640B0C /* LocalFile */ = {
			isa = PBXGroup;
			children = (
				3ACBCA8B1E98632200640B0C /* Localizable.strings */,
			);
			name = LocalFile;
			sourceTree = "<group>";
		};
		3AE357B21E7004B0002D4221 /* AutoLayoutView */ = {
			isa = PBXGroup;
			children = (
				3AE357AF1E7004A3002D4221 /* HHXXAutoLayoutView.h */,
				3AE357B01E7004A3002D4221 /* HHXXAutoLayoutView.m */,
				3AE357C81E70342F002D4221 /* HHXXAutoLayoutTableViewCell.h */,
				3AE357C91E70342F002D4221 /* HHXXAutoLayoutTableViewCell.m */,
				3AE357CE1E7131F2002D4221 /* HHXXAutoLayoutDynamicView.h */,
				3AE357CF1E7131F2002D4221 /* HHXXAutoLayoutDynamicView.m */,
				3AE357D71E73088F002D4221 /* UITableViewCell+EnableDrag.h */,
				3AE357D81E73088F002D4221 /* UITableViewCell+EnableDrag.m */,
			);
			name = AutoLayoutView;
			sourceTree = "<group>";
		};
		3AEBF47C1E8BFE9A00AB9548 /* Networking */ = {
			isa = PBXGroup;
			children = (
				3AEBF47D1E8BFEE200AB9548 /* HHXXAbstractApiManager.h */,
				3AEBF47E1E8BFEE200AB9548 /* HHXXAbstractApiManager.m */,
				3ACBCA421E93DD2A00640B0C /* HHXXNetworkingHead.h */,
				3ACBCA461E9538E300640B0C /* HHXXNetworkingProxyUseAF.h */,
				3ACBCA471E9538E300640B0C /* HHXXNetworkingProxyUseAF.m */,
				3ACBCA491E962F2700640B0C /* HHXXNetworkingService.h */,
				3ACBCA4A1E962F2700640B0C /* HHXXNetworkingService.m */,
				3ACBCA561E96557400640B0C /* HHXXNetworkingResponse.h */,
				3ACBCA571E96557400640B0C /* HHXXNetworkingResponse.m */,
				3AF4E7D41E9F1F8B00A86085 /* HHXXNetworkingURLRequestGenerator.h */,
				3AF4E7D51E9F1F8B00A86085 /* HHXXNetworkingURLRequestGenerator.m */,
			);
			name = Networking;
			sourceTree = "<group>";
		};
		3AF4E78F1E9B00F000A86085 /* AppService */ = {
			isa = PBXGroup;
			children = (
				3AFEF0451E5C1CE4007CC568 /* HHXXNotificationService.h */,
				3AFEF0461E5C1CE4007CC568 /* HHXXNotificationService.m */,
				3AFEF04C1E5C2231007CC568 /* HHXXAMapService.h */,
				3AFEF04D1E5C2231007CC568 /* HHXXAMapService.m */,
				3AFEF0561E5C291A007CC568 /* HHXXServiceManager.h */,
				3AFEF0571E5C291A007CC568 /* HHXXServiceManager.m */,
				3AFEF0591E5C57CE007CC568 /* HHXXSOADelegate.h */,
				3AFEF05A1E5C57CE007CC568 /* HHXXSOADelegate.m */,
				3AFEF0621E5D9808007CC568 /* HHXXBaseUIService.h */,
				3AFEF0631E5D9808007CC568 /* HHXXBaseUIService.m */,
				3AEBF4801E8DCC2E00AB9548 /* HHXXNetworkingStateMonitorService.h */,
				3AEBF4811E8DCC2E00AB9548 /* HHXXNetworkingStateMonitorService.m */,
			);
			name = AppService;
			sourceTree = "<group>";
		};
		3AF4E79D1E9BB95F00A86085 /* LeftSlider */ = {
			isa = PBXGroup;
			children = (
				3AEBF4641E822EAE00AB9548 /* HHXXCity.h */,
				3AEBF4651E822EAE00AB9548 /* HHXXCity.m */,
				3AEBF4671E822EC500AB9548 /* HHXXSetting.h */,
				3AEBF4681E822EC500AB9548 /* HHXXSetting.m */,
				3AEBF46A1E822F6000AB9548 /* HHXXCityManager.h */,
				3AEBF46B1E822F6000AB9548 /* HHXXCityManager.m */,
				3AF4E7A11E9BBD7100A86085 /* HHXXSettingManager.h */,
				3AF4E7A21E9BBD7100A86085 /* HHXXSettingManager.m */,
				3AF4E7A41E9BD34700A86085 /* HHXXCity+Transform.h */,
				3AF4E7A51E9BD34700A86085 /* HHXXCity+Transform.m */,
				3AF4E7BC1E9C65CE00A86085 /* ModelPlace.h */,
				3AF4E7BD1E9C65CE00A86085 /* ModelPlace.m */,
				3AF4E7BF1E9C6BF700A86085 /* ModelPlaceManager.h */,
				3AF4E7C01E9C6BF700A86085 /* ModelPlaceManager.m */,
				3AF4E7C41E9CDCAE00A86085 /* HHXXCityManager+Transform.h */,
				3AF4E7C51E9CDCAE00A86085 /* HHXXCityManager+Transform.m */,
			);
			name = LeftSlider;
			sourceTree = "<group>";
		};
		3AFEF0481E5C1CEB007CC568 /* Services */ = {
			isa = PBXGroup;
			children = (
				3AF4E78F1E9B00F000A86085 /* AppService */,
				3ACBCA5C1E967F7900640B0C /* ApiManager */,
				3ACBCA4F1E96353600640B0C /* ApiService */,
			);
			name = Services;
			sourceTree = "<group>";
		};
		3AFEF04F1E5C2272007CC568 /* Models */ = {
			isa = PBXGroup;
			children = (
				3AF4E79D1E9BB95F00A86085 /* LeftSlider */,
				3ACBCA601E971B5000640B0C /* YahooWeatherForecast */,
			);
			name = Models;
			sourceTree = "<group>";
		};
		3AFEF0501E5C227A007CC568 /* Modules */ = {
			isa = PBXGroup;
			children = (
				3AFEF0B41E5F472D007CC568 /* LeftSlider */,
				3AFEF0B31E5F4723007CC568 /* WeatherInformation */,
			);
			name = Modules;
			sourceTree = "<group>";
		};
		3AFEF0521E5C2476007CC568 /* Res */ = {
			isa = PBXGroup;
			children = (
				3ACBCA841E98610500640B0C /* LocalFile */,
			);
			name = Res;
			sourceTree = "<group>";
		};
		3AFEF0531E5C253A007CC568 /* Doc */ = {
			isa = PBXGroup;
			children = (
			);
			name = Doc;
			sourceTree = "<group>";
		};
		3AFEF0541E5C2609007CC568 /* Vendors */ = {
			isa = PBXGroup;
			children = (
			);
			name = Vendors;
			sourceTree = "<group>";
		};
		3AFEF0551E5C26FA007CC568 /* Tools */ = {
			isa = PBXGroup;
			children = (
				3AEBF47C1E8BFE9A00AB9548 /* Networking */,
				3AE357B21E7004B0002D4221 /* AutoLayoutView */,
				3AFEF0B81E5F51A3007CC568 /* Macro */,
				3AFEF0AB1E5EEE6A007CC568 /* Category */,
				3AFEF0A71E5EADF7007CC568 /* ViewComtrollerContainer */,
			);
			name = Tools;
			sourceTree = "<group>";
		};
		3AFEF0A71E5EADF7007CC568 /* ViewComtrollerContainer */ = {
			isa = PBXGroup;
			children = (
				3AF4E7CD1E9E44F800A86085 /* HHXXSliderAnimator.h */,
				3AF4E7CE1E9E44F800A86085 /* HHXXSliderAnimator.m */,
				3AFEF0A81E5EAE2D007CC568 /* HHXXViewControllerContainer.h */,
				3AFEF0A91E5EAE2D007CC568 /* HHXXViewControllerContainer.m */,
				3A8197691E6C08A800A75C10 /* HHXXViewControllerTransitioningContext.h */,
				3A81976A1E6C08A800A75C10 /* HHXXViewControllerTransitioningContext.m */,
				3AE357931E6D7B4D002D4221 /* HHXXDefaultTransitioningAnimator.h */,
				3AE357941E6D7B4D002D4221 /* HHXXDefaultTransitioningAnimator.m */,
				3AF4E7991E9B9DB100A86085 /* HHXXViewControllerContainer+Private.h */,
				3AF4E7CA1E9E0CB100A86085 /* HHXXViewControllerContainer+Slider.h */,
				3AF4E7CB1E9E0CB100A86085 /* HHXXViewControllerContainer+Slider.m */,
				3AF4E7D01E9E742A00A86085 /* HHXXViewControllerContainerHead.h */,
			);
			name = ViewComtrollerContainer;
			sourceTree = "<group>";
		};
		3AFEF0AB1E5EEE6A007CC568 /* Category */ = {
			isa = PBXGroup;
			children = (
				3AFEF0AD1E5EEF36007CC568 /* UIColor+Provider.h */,
				3AFEF0AE1E5EEF36007CC568 /* UIColor+Provider.m */,
				3AE357961E6ED0D9002D4221 /* UIPanGestureRecognizer+Addition.h */,
				3AE357971E6ED0D9002D4221 /* UIPanGestureRecognizer+Addition.m */,
				3AE357CB1E711611002D4221 /* UIView+Border.h */,
				3AE357CC1E711611002D4221 /* UIView+Border.m */,
				3AE357D11E72343C002D4221 /* UIView+AutoLayout.h */,
				3AE357D21E72343C002D4221 /* UIView+AutoLayout.m */,
				3AE357D41E72F027002D4221 /* NSAttributedString+Attachment.h */,
				3AE357D51E72F027002D4221 /* NSAttributedString+Attachment.m */,
				3AEBF4731E83C9B800AB9548 /* UIImage+Processing.h */,
				3AEBF4741E83C9B800AB9548 /* UIImage+Processing.m */,
				3AF4E7931E9B99BA00A86085 /* UIViewController+Decorate.h */,
				3AF4E7941E9B99BA00A86085 /* UIViewController+Decorate.m */,
			);
			name = Category;
			sourceTree = "<group>";
		};
		3AFEF0B31E5F4723007CC568 /* WeatherInformation */ = {
			isa = PBXGroup;
			children = (
				3AE357A91E6F93E3002D4221 /* YahooWeatherInformationViewController.h */,
				3AE357AA1E6F93E3002D4221 /* YahooWeatherInformationViewController.m */,
				3AE357AC1E6FFA73002D4221 /* YahooWeatherInformationView.h */,
				3AE357AD1E6FFA73002D4221 /* YahooWeatherInformationView.m */,
				3AE357B31E7031A8002D4221 /* TableViewCellForAd.h */,
				3AE357B41E7031A8002D4221 /* TableViewCellForAd.m */,
				3AE357B61E7031ED002D4221 /* TableViewCellForDetail.h */,
				3AE357B71E7031ED002D4221 /* TableViewCellForDetail.m */,
				3AE357B91E703202002D4221 /* TableViewCellForMap.h */,
				3AE357BA1E703202002D4221 /* TableViewCellForMap.m */,
				3AE357BC1E703217002D4221 /* TableViewCellForRainFall.h */,
				3AE357BD1E703217002D4221 /* TableViewCellForRainFall.m */,
				3AE357BF1E70322C002D4221 /* TableViewCellForSpeed.h */,
				3AE357C01E70322C002D4221 /* TableViewCellForSpeed.m */,
				3AE357C21E70323C002D4221 /* TableViewCellForSunMoon.h */,
				3AE357C31E70323C002D4221 /* TableViewCellForSunMoon.m */,
				3AE357C51E703263002D4221 /* TableViewCellForWeekDaily.h */,
				3AE357C61E703263002D4221 /* TableViewCellForWeekDaily.m */,
				3AEBF4761E83CB2100AB9548 /* HHXXWindmillView.h */,
				3AEBF4771E83CB2100AB9548 /* HHXXWindmillView.m */,
				3AEBF4791E84ABBB00AB9548 /* HHXXSunRaiseLayer.h */,
				3AEBF47A1E84ABBB00AB9548 /* HHXXSunRaiseLayer.m */,
				3AF4E7901E9B028300A86085 /* HHXXCustionNavigationView.h */,
				3AF4E7911E9B028300A86085 /* HHXXCustionNavigationView.m */,
				3ADF4C7C1EA627F40017976B /* HHXXYahooWeatherRefreshView.h */,
				3ADF4C7D1EA627F40017976B /* HHXXYahooWeatherRefreshView.m */,
			);
			name = WeatherInformation;
			sourceTree = "<group>";
		};
		3AFEF0B41E5F472D007CC568 /* LeftSlider */ = {
			isa = PBXGroup;
			children = (
				3AE357A61E6F90F0002D4221 /* SliderViewController.h */,
				3AE357A71E6F90F0002D4221 /* SliderViewController.m */,
				3AF4E7A71E9BE76F00A86085 /* HHXXEditCityViewController.h */,
				3AF4E7A81E9BE76F00A86085 /* HHXXEditCityViewController.m */,
				3AF4E7AA1E9BECE800A86085 /* TableViewCellForCurrentPosition.h */,
				3AF4E7AB1E9BECE800A86085 /* TableViewCellForCurrentPosition.m */,
				3AF4E7B41E9BEEA300A86085 /* TableViewCellForPosition.h */,
				3AF4E7B51E9BEEA300A86085 /* TableViewCellForPosition.m */,
				3AF4E7B61E9BEEA300A86085 /* TableViewCellForPosition.xib */,
				3AF4E7B91E9BF58800A86085 /* HHXXAddNewCityViewController.h */,
				3AF4E7BA1E9BF58800A86085 /* HHXXAddNewCityViewController.m */,
				3AF4E7C31E9C87C400A86085 /* LeftSliderHead.h */,
			);
			name = LeftSlider;
			sourceTree = "<group>";
		};
		3AFEF0B81E5F51A3007CC568 /* Macro */ = {
			isa = PBXGroup;
			children = (
				3AFEF0B91E5F52E8007CC568 /* HHXXUIKitMacro.c */,
				3AFEF0BA1E5F52E8007CC568 /* HHXXUIKitMacro.h */,
				3AE357991E6ED14B002D4221 /* Macro.h */,
				3AE357A31E6EE399002D4221 /* NSObject+Enumerate.h */,
				3AE357A41E6EE399002D4221 /* NSObject+Enumerate.m */,
			);
			name = Macro;
			sourceTree = "<group>";
		};
		7B6C0E6ABF079E13A36B3B06 /* Frameworks */ = {
			isa = PBXGroup;
			children = (
				C76A801FFE5F4B70324FB2BE /* libPods-yahoo-weather-mirror.a */,
			);
			name = Frameworks;
			sourceTree = "<group>";
		};
		E181105225564BF61224709C /* Pods */ = {
			isa = PBXGroup;
			children = (
				0FCFB1CF6A839261FCC5F207 /* Pods-yahoo-weather-mirror.debug.xcconfig */,
				999093E0B8A5E5F11FDEF2BF /* Pods-yahoo-weather-mirror.release.xcconfig */,
			);
			name = Pods;
			sourceTree = "<group>";
		};
/* End PBXGroup section */

/* Begin PBXNativeTarget section */
		3A6CE17D1E5B1951008059AC /* yahoo-weather-mirror */ = {
			isa = PBXNativeTarget;
			buildConfigurationList = 3A6CE1AB1E5B1952008059AC /* Build configuration list for PBXNativeTarget "yahoo-weather-mirror" */;
			buildPhases = (
				51DC6E751E2D9E2034F0243A /* [CP] Check Pods Manifest.lock */,
				3A6CE17A1E5B1951008059AC /* Sources */,
				3A6CE17B1E5B1951008059AC /* Frameworks */,
				3A6CE17C1E5B1951008059AC /* Resources */,
				6E84C406461569CB8B863EEF /* [CP] Embed Pods Frameworks */,
				9AB8A4B89EE14E684BDADDA2 /* [CP] Copy Pods Resources */,
			);
			buildRules = (
			);
			dependencies = (
			);
			name = "yahoo-weather-mirror";
			productName = "yahoo-weather-mirror";
			productReference = 3A6CE17E1E5B1952008059AC /* yahoo-weather-mirror.app */;
			productType = "com.apple.product-type.application";
		};
		3A6CE1961E5B1952008059AC /* yahoo-weather-mirrorTests */ = {
			isa = PBXNativeTarget;
			buildConfigurationList = 3A6CE1AE1E5B1952008059AC /* Build configuration list for PBXNativeTarget "yahoo-weather-mirrorTests" */;
			buildPhases = (
				3A6CE1931E5B1952008059AC /* Sources */,
				3A6CE1941E5B1952008059AC /* Frameworks */,
				3A6CE1951E5B1952008059AC /* Resources */,
			);
			buildRules = (
			);
			dependencies = (
				3A6CE1991E5B1952008059AC /* PBXTargetDependency */,
			);
			name = "yahoo-weather-mirrorTests";
			productName = "yahoo-weather-mirrorTests";
			productReference = 3A6CE1971E5B1952008059AC /* yahoo-weather-mirrorTests.xctest */;
			productType = "com.apple.product-type.bundle.unit-test";
		};
		3A6CE1A11E5B1952008059AC /* yahoo-weather-mirrorUITests */ = {
			isa = PBXNativeTarget;
			buildConfigurationList = 3A6CE1B11E5B1952008059AC /* Build configuration list for PBXNativeTarget "yahoo-weather-mirrorUITests" */;
			buildPhases = (
				3A6CE19E1E5B1952008059AC /* Sources */,
				3A6CE19F1E5B1952008059AC /* Frameworks */,
				3A6CE1A01E5B1952008059AC /* Resources */,
			);
			buildRules = (
			);
			dependencies = (
				3A6CE1A41E5B1952008059AC /* PBXTargetDependency */,
			);
			name = "yahoo-weather-mirrorUITests";
			productName = "yahoo-weather-mirrorUITests";
			productReference = 3A6CE1A21E5B1952008059AC /* yahoo-weather-mirrorUITests.xctest */;
			productType = "com.apple.product-type.bundle.ui-testing";
		};
/* End PBXNativeTarget section */

/* Begin PBXProject section */
		3A6CE1761E5B1951008059AC /* Project object */ = {
			isa = PBXProject;
			attributes = {
				LastUpgradeCheck = 0820;
				ORGANIZATIONNAME = hhxx;
				TargetAttributes = {
					3A6CE17D1E5B1951008059AC = {
						CreatedOnToolsVersion = 8.2.1;
						DevelopmentTeam = AF64J776V4;
						ProvisioningStyle = Automatic;
					};
					3A6CE1961E5B1952008059AC = {
						CreatedOnToolsVersion = 8.2.1;
						ProvisioningStyle = Automatic;
						TestTargetID = 3A6CE17D1E5B1951008059AC;
					};
					3A6CE1A11E5B1952008059AC = {
						CreatedOnToolsVersion = 8.2.1;
						ProvisioningStyle = Automatic;
						TestTargetID = 3A6CE17D1E5B1951008059AC;
					};
				};
			};
			buildConfigurationList = 3A6CE1791E5B1951008059AC /* Build configuration list for PBXProject "yahoo-weather-mirror" */;
			compatibilityVersion = "Xcode 3.2";
			developmentRegion = English;
			hasScannedForEncodings = 0;
			knownRegions = (
				en,
				Base,
			);
			mainGroup = 3A6CE1751E5B1951008059AC;
			productRefGroup = 3A6CE17F1E5B1952008059AC /* Products */;
			projectDirPath = "";
			projectRoot = "";
			targets = (
				3A6CE17D1E5B1951008059AC /* yahoo-weather-mirror */,
				3A6CE1961E5B1952008059AC /* yahoo-weather-mirrorTests */,
				3A6CE1A11E5B1952008059AC /* yahoo-weather-mirrorUITests */,
			);
		};
/* End PBXProject section */

/* Begin PBXResourcesBuildPhase section */
		3A6CE17C1E5B1951008059AC /* Resources */ = {
			isa = PBXResourcesBuildPhase;
			buildActionMask = 2147483647;
			files = (
				3A6CE1911E5B1952008059AC /* LaunchScreen.storyboard in Resources */,
				3ACBCA891E98632200640B0C /* Localizable.strings in Resources */,
				3A6CE18E1E5B1952008059AC /* Assets.xcassets in Resources */,
				3A6CE18C1E5B1952008059AC /* Main.storyboard in Resources */,
				3AF4E7B81E9BEEA300A86085 /* TableViewCellForPosition.xib in Resources */,
			);
			runOnlyForDeploymentPostprocessing = 0;
		};
		3A6CE1951E5B1952008059AC /* Resources */ = {
			isa = PBXResourcesBuildPhase;
			buildActionMask = 2147483647;
			files = (
			);
			runOnlyForDeploymentPostprocessing = 0;
		};
		3A6CE1A01E5B1952008059AC /* Resources */ = {
			isa = PBXResourcesBuildPhase;
			buildActionMask = 2147483647;
			files = (
			);
			runOnlyForDeploymentPostprocessing = 0;
		};
/* End PBXResourcesBuildPhase section */

/* Begin PBXShellScriptBuildPhase section */
		51DC6E751E2D9E2034F0243A /* [CP] Check Pods Manifest.lock */ = {
			isa = PBXShellScriptBuildPhase;
			buildActionMask = 2147483647;
			files = (
			);
			inputPaths = (
			);
			name = "[CP] Check Pods Manifest.lock";
			outputPaths = (
			);
			runOnlyForDeploymentPostprocessing = 0;
			shellPath = /bin/sh;
			shellScript = "diff \"${PODS_ROOT}/../Podfile.lock\" \"${PODS_ROOT}/Manifest.lock\" > /dev/null\nif [[ $? != 0 ]] ; then\n    cat << EOM\nerror: The sandbox is not in sync with the Podfile.lock. Run 'pod install' or update your CocoaPods installation.\nEOM\n    exit 1\nfi\n";
			showEnvVarsInLog = 0;
		};
		6E84C406461569CB8B863EEF /* [CP] Embed Pods Frameworks */ = {
			isa = PBXShellScriptBuildPhase;
			buildActionMask = 2147483647;
			files = (
			);
			inputPaths = (
			);
			name = "[CP] Embed Pods Frameworks";
			outputPaths = (
			);
			runOnlyForDeploymentPostprocessing = 0;
			shellPath = /bin/sh;
			shellScript = "\"${SRCROOT}/Pods/Target Support Files/Pods-yahoo-weather-mirror/Pods-yahoo-weather-mirror-frameworks.sh\"\n";
			showEnvVarsInLog = 0;
		};
		9AB8A4B89EE14E684BDADDA2 /* [CP] Copy Pods Resources */ = {
			isa = PBXShellScriptBuildPhase;
			buildActionMask = 2147483647;
			files = (
			);
			inputPaths = (
			);
			name = "[CP] Copy Pods Resources";
			outputPaths = (
			);
			runOnlyForDeploymentPostprocessing = 0;
			shellPath = /bin/sh;
			shellScript = "\"${SRCROOT}/Pods/Target Support Files/Pods-yahoo-weather-mirror/Pods-yahoo-weather-mirror-resources.sh\"\n";
			showEnvVarsInLog = 0;
		};
/* End PBXShellScriptBuildPhase section */

/* Begin PBXSourcesBuildPhase section */
		3A6CE17A1E5B1951008059AC /* Sources */ = {
			isa = PBXSourcesBuildPhase;
			buildActionMask = 2147483647;
			files = (
				3AE357A81E6F90F0002D4221 /* SliderViewController.m in Sources */,
				3AF4E7951E9B99BA00A86085 /* UIViewController+Decorate.m in Sources */,
				3ACBCA771E971B9E00640B0C /* ModelAtmosphere.m in Sources */,
				3AE357C41E70323C002D4221 /* TableViewCellForSunMoon.m in Sources */,
				3AF4E7A61E9BD34700A86085 /* HHXXCity+Transform.m in Sources */,
				3AFEF0471E5C1CE4007CC568 /* HHXXNotificationService.m in Sources */,
				3AE357951E6D7B4D002D4221 /* HHXXDefaultTransitioningAnimator.m in Sources */,
				3AF4E7A91E9BE76F00A86085 /* HHXXEditCityViewController.m in Sources */,
				3ACBCA7C1E971B9E00640B0C /* ModelWeatherForecast.m in Sources */,
				3AE357C11E70322C002D4221 /* TableViewCellForSpeed.m in Sources */,
				3AE357D31E72343C002D4221 /* UIView+AutoLayout.m in Sources */,
				3AE357CA1E70342F002D4221 /* HHXXAutoLayoutTableViewCell.m in Sources */,
				3AFEF05B1E5C57CE007CC568 /* HHXXSOADelegate.m in Sources */,
				3ACBCA551E96358000640B0C /* HHXXNetworkingServiceForCityInformation.m in Sources */,
				3AF4E7CC1E9E0CB100A86085 /* HHXXViewControllerContainer+Slider.m in Sources */,
				3AF4E7BB1E9BF58800A86085 /* HHXXAddNewCityViewController.m in Sources */,
				3ACBCA7B1E971B9E00640B0C /* ModelUnits.m in Sources */,
				3ACBCA791E971B9E00640B0C /* ModelYahooWeatherItemTypeInformation.m in Sources */,
				3AE357D91E73088F002D4221 /* UITableViewCell+EnableDrag.m in Sources */,
				3ACBCA761E971B9E00640B0C /* ModelAstronomy.m in Sources */,
				3AE357B11E7004A3002D4221 /* HHXXAutoLayoutView.m in Sources */,
				3AF4E7AC1E9BECE800A86085 /* TableViewCellForCurrentPosition.m in Sources */,
				3AE357B81E7031ED002D4221 /* TableViewCellForDetail.m in Sources */,
				3AF4E7C61E9CDCAE00A86085 /* HHXXCityManager+Transform.m in Sources */,
				3AEBF4691E822EC500AB9548 /* HHXXSetting.m in Sources */,
				3ACBCA7E1E971B9E00640B0C /* ModelWind.m in Sources */,
				3ADF4C7E1EA627F40017976B /* HHXXYahooWeatherRefreshView.m in Sources */,
				3AE357981E6ED0D9002D4221 /* UIPanGestureRecognizer+Addition.m in Sources */,
				3ACBCA7D1E971B9E00640B0C /* ModelWeatherItem.m in Sources */,
				3AF4E7C11E9C6BF700A86085 /* ModelPlaceManager.m in Sources */,
				3AF4E7BE1E9C65CE00A86085 /* ModelPlace.m in Sources */,
				3AE357AE1E6FFA73002D4221 /* YahooWeatherInformationView.m in Sources */,
				3AF4E7921E9B028300A86085 /* HHXXCustionNavigationView.m in Sources */,
				3AFEF0641E5D9808007CC568 /* HHXXBaseUIService.m in Sources */,
				3A81976B1E6C08A800A75C10 /* HHXXViewControllerTransitioningContext.m in Sources */,
				3AEBF4751E83C9B800AB9548 /* UIImage+Processing.m in Sources */,
				3AE357A51E6EE399002D4221 /* NSObject+Enumerate.m in Sources */,
				3AEBF47F1E8BFEE200AB9548 /* HHXXAbstractApiManager.m in Sources */,
				3ACBCA4B1E962F2700640B0C /* HHXXNetworkingService.m in Sources */,
				3AF4E7A31E9BBD7100A86085 /* HHXXSettingManager.m in Sources */,
				3A6CE1861E5B1952008059AC /* AppDelegate.m in Sources */,
				3AF4E7D61E9F1F8B00A86085 /* HHXXNetworkingURLRequestGenerator.m in Sources */,
				3AEBF47B1E84ABBB00AB9548 /* HHXXSunRaiseLayer.m in Sources */,
				3AF4E7B71E9BEEA300A86085 /* TableViewCellForPosition.m in Sources */,
				3ACBCA5B1E967F6E00640B0C /* HHXXYQLApiManager.m in Sources */,
				3AF4E7CF1E9E44F800A86085 /* HHXXSliderAnimator.m in Sources */,
				3ACBCA7A1E971B9E00640B0C /* ModelLocation.m in Sources */,
				3ACBCA581E96557400640B0C /* HHXXNetworkingResponse.m in Sources */,
				3AE357AB1E6F93E3002D4221 /* YahooWeatherInformationViewController.m in Sources */,
				3A6CE1831E5B1952008059AC /* main.m in Sources */,
				3AE357BE1E703217002D4221 /* TableViewCellForRainFall.m in Sources */,
				3AFEF04E1E5C2231007CC568 /* HHXXAMapService.m in Sources */,
				3AE357C71E703263002D4221 /* TableViewCellForWeekDaily.m in Sources */,
				3ACBCA4E1E96352800640B0C /* HHXXNetworkingServiceForBingImage.m in Sources */,
				3ACBCA521E96356500640B0C /* HHXXNetworkingServiceForWeatherInformation.m in Sources */,
				3ACBCA5F1E97074800640B0C /* HHXXBingImageApiManager.m in Sources */,
				3ACBCA831E9793F300640B0C /* YahooWeatherItemKey.m in Sources */,
				3AEBF4821E8DCC2E00AB9548 /* HHXXNetworkingStateMonitorService.m in Sources */,
				3AEBF4781E83CB2100AB9548 /* HHXXWindmillView.m in Sources */,
				3AFEF0581E5C291A007CC568 /* HHXXServiceManager.m in Sources */,
				3AE357BB1E703202002D4221 /* TableViewCellForMap.m in Sources */,
				3AE357CD1E711611002D4221 /* UIView+Border.m in Sources */,
				3ACBCA751E971B9E00640B0C /* ModelAd.m in Sources */,
				3AFEF0BB1E5F52E8007CC568 /* HHXXUIKitMacro.c in Sources */,
				3AE357B51E7031A8002D4221 /* TableViewCellForAd.m in Sources */,
				3AFEF0AF1E5EEF36007CC568 /* UIColor+Provider.m in Sources */,
				3ACBCA481E9538E300640B0C /* HHXXNetworkingProxyUseAF.m in Sources */,
				3AEBF4661E822EAE00AB9548 /* HHXXCity.m in Sources */,
				3AEBF46C1E822F6000AB9548 /* HHXXCityManager.m in Sources */,
				3AE357D01E7131F2002D4221 /* HHXXAutoLayoutDynamicView.m in Sources */,
				3AE357D61E72F028002D4221 /* NSAttributedString+Attachment.m in Sources */,
				3AFEF0AA1E5EAE2D007CC568 /* HHXXViewControllerContainer.m in Sources */,
			);
			runOnlyForDeploymentPostprocessing = 0;
		};
		3A6CE1931E5B1952008059AC /* Sources */ = {
			isa = PBXSourcesBuildPhase;
			buildActionMask = 2147483647;
			files = (
				3A6CE19C1E5B1952008059AC /* yahoo_weather_mirrorTests.m in Sources */,
			);
			runOnlyForDeploymentPostprocessing = 0;
		};
		3A6CE19E1E5B1952008059AC /* Sources */ = {
			isa = PBXSourcesBuildPhase;
			buildActionMask = 2147483647;
			files = (
				3A6CE1A71E5B1952008059AC /* yahoo_weather_mirrorUITests.m in Sources */,
			);
			runOnlyForDeploymentPostprocessing = 0;
		};
/* End PBXSourcesBuildPhase section */

/* Begin PBXTargetDependency section */
		3A6CE1991E5B1952008059AC /* PBXTargetDependency */ = {
			isa = PBXTargetDependency;
			target = 3A6CE17D1E5B1951008059AC /* yahoo-weather-mirror */;
			targetProxy = 3A6CE1981E5B1952008059AC /* PBXContainerItemProxy */;
		};
		3A6CE1A41E5B1952008059AC /* PBXTargetDependency */ = {
			isa = PBXTargetDependency;
			target = 3A6CE17D1E5B1951008059AC /* yahoo-weather-mirror */;
			targetProxy = 3A6CE1A31E5B1952008059AC /* PBXContainerItemProxy */;
		};
/* End PBXTargetDependency section */

/* Begin PBXVariantGroup section */
		3A6CE18A1E5B1952008059AC /* Main.storyboard */ = {
			isa = PBXVariantGroup;
			children = (
				3A6CE18B1E5B1952008059AC /* Base */,
				3ACBCA871E98630C00640B0C /* zh-Hans */,
			);
			name = Main.storyboard;
			sourceTree = "<group>";
		};
		3A6CE18F1E5B1952008059AC /* LaunchScreen.storyboard */ = {
			isa = PBXVariantGroup;
			children = (
				3A6CE1901E5B1952008059AC /* Base */,
				3ACBCA881E98630C00640B0C /* zh-Hans */,
			);
			name = LaunchScreen.storyboard;
			sourceTree = "<group>";
		};
		3ACBCA8B1E98632200640B0C /* Localizable.strings */ = {
			isa = PBXVariantGroup;
			children = (
				3ACBCA8A1E98632200640B0C /* zh-Hans */,
			);
			name = Localizable.strings;
			path = Res;
			sourceTree = "<group>";
		};
/* End PBXVariantGroup section */

/* Begin XCBuildConfiguration section */
		3A6CE1A91E5B1952008059AC /* Debug */ = {
			isa = XCBuildConfiguration;
			buildSettings = {
				ALWAYS_SEARCH_USER_PATHS = NO;
				CLANG_ANALYZER_LOCALIZABILITY_NONLOCALIZED = YES;
				CLANG_ANALYZER_NONNULL = YES;
				CLANG_CXX_LANGUAGE_STANDARD = "gnu++0x";
				CLANG_CXX_LIBRARY = "libc++";
				CLANG_ENABLE_MODULES = YES;
				CLANG_ENABLE_OBJC_ARC = YES;
				CLANG_WARN_BOOL_CONVERSION = YES;
				CLANG_WARN_CONSTANT_CONVERSION = YES;
				CLANG_WARN_DIRECT_OBJC_ISA_USAGE = YES_ERROR;
				CLANG_WARN_DOCUMENTATION_COMMENTS = YES;
				CLANG_WARN_EMPTY_BODY = YES;
				CLANG_WARN_ENUM_CONVERSION = YES;
				CLANG_WARN_INFINITE_RECURSION = YES;
				CLANG_WARN_INT_CONVERSION = YES;
				CLANG_WARN_OBJC_ROOT_CLASS = YES_ERROR;
				CLANG_WARN_SUSPICIOUS_MOVE = YES;
				CLANG_WARN_UNREACHABLE_CODE = YES;
				CLANG_WARN__DUPLICATE_METHOD_MATCH = YES;
				"CODE_SIGN_IDENTITY[sdk=iphoneos*]" = "iPhone Developer";
				COPY_PHASE_STRIP = NO;
				DEBUG_INFORMATION_FORMAT = dwarf;
				ENABLE_STRICT_OBJC_MSGSEND = YES;
				ENABLE_TESTABILITY = YES;
				GCC_C_LANGUAGE_STANDARD = gnu99;
				GCC_DYNAMIC_NO_PIC = NO;
				GCC_NO_COMMON_BLOCKS = YES;
				GCC_OPTIMIZATION_LEVEL = 0;
				GCC_PREFIX_HEADER = "";
				GCC_PREPROCESSOR_DEFINITIONS = (
					"DEBUG=1",
					"$(inherited)",
				);
				GCC_WARN_64_TO_32_BIT_CONVERSION = YES;
				GCC_WARN_ABOUT_RETURN_TYPE = YES_ERROR;
				GCC_WARN_UNDECLARED_SELECTOR = YES;
				GCC_WARN_UNINITIALIZED_AUTOS = YES_AGGRESSIVE;
				GCC_WARN_UNUSED_FUNCTION = YES;
				GCC_WARN_UNUSED_VARIABLE = YES;
				IPHONEOS_DEPLOYMENT_TARGET = 10.2;
				MTL_ENABLE_DEBUG_INFO = YES;
				ONLY_ACTIVE_ARCH = YES;
				SDKROOT = iphoneos;
			};
			name = Debug;
		};
		3A6CE1AA1E5B1952008059AC /* Release */ = {
			isa = XCBuildConfiguration;
			buildSettings = {
				ALWAYS_SEARCH_USER_PATHS = NO;
				CLANG_ANALYZER_LOCALIZABILITY_NONLOCALIZED = YES;
				CLANG_ANALYZER_NONNULL = YES;
				CLANG_CXX_LANGUAGE_STANDARD = "gnu++0x";
				CLANG_CXX_LIBRARY = "libc++";
				CLANG_ENABLE_MODULES = YES;
				CLANG_ENABLE_OBJC_ARC = YES;
				CLANG_WARN_BOOL_CONVERSION = YES;
				CLANG_WARN_CONSTANT_CONVERSION = YES;
				CLANG_WARN_DIRECT_OBJC_ISA_USAGE = YES_ERROR;
				CLANG_WARN_DOCUMENTATION_COMMENTS = YES;
				CLANG_WARN_EMPTY_BODY = YES;
				CLANG_WARN_ENUM_CONVERSION = YES;
				CLANG_WARN_INFINITE_RECURSION = YES;
				CLANG_WARN_INT_CONVERSION = YES;
				CLANG_WARN_OBJC_ROOT_CLASS = YES_ERROR;
				CLANG_WARN_SUSPICIOUS_MOVE = YES;
				CLANG_WARN_UNREACHABLE_CODE = YES;
				CLANG_WARN__DUPLICATE_METHOD_MATCH = YES;
				"CODE_SIGN_IDENTITY[sdk=iphoneos*]" = "iPhone Developer";
				COPY_PHASE_STRIP = NO;
				DEBUG_INFORMATION_FORMAT = "dwarf-with-dsym";
				ENABLE_NS_ASSERTIONS = NO;
				ENABLE_STRICT_OBJC_MSGSEND = YES;
				GCC_C_LANGUAGE_STANDARD = gnu99;
				GCC_NO_COMMON_BLOCKS = YES;
				GCC_PREFIX_HEADER = "";
				GCC_WARN_64_TO_32_BIT_CONVERSION = YES;
				GCC_WARN_ABOUT_RETURN_TYPE = YES_ERROR;
				GCC_WARN_UNDECLARED_SELECTOR = YES;
				GCC_WARN_UNINITIALIZED_AUTOS = YES_AGGRESSIVE;
				GCC_WARN_UNUSED_FUNCTION = YES;
				GCC_WARN_UNUSED_VARIABLE = YES;
				IPHONEOS_DEPLOYMENT_TARGET = 10.2;
				MTL_ENABLE_DEBUG_INFO = NO;
				SDKROOT = iphoneos;
				VALIDATE_PRODUCT = YES;
			};
			name = Release;
		};
		3A6CE1AC1E5B1952008059AC /* Debug */ = {
			isa = XCBuildConfiguration;
			baseConfigurationReference = 0FCFB1CF6A839261FCC5F207 /* Pods-yahoo-weather-mirror.debug.xcconfig */;
			buildSettings = {
				ASSETCATALOG_COMPILER_APPICON_NAME = AppIcon;
				DEVELOPMENT_TEAM = AF64J776V4;
				INFOPLIST_FILE = "yahoo-weather-mirror/Info.plist";
				LD_RUNPATH_SEARCH_PATHS = "$(inherited) @executable_path/Frameworks";
				PRODUCT_BUNDLE_IDENTIFIER = "com.hhxx.ios.ttxx.yahoo-weather-mirror";
				PRODUCT_NAME = "$(TARGET_NAME)";
			};
			name = Debug;
		};
		3A6CE1AD1E5B1952008059AC /* Release */ = {
			isa = XCBuildConfiguration;
			baseConfigurationReference = 999093E0B8A5E5F11FDEF2BF /* Pods-yahoo-weather-mirror.release.xcconfig */;
			buildSettings = {
				ASSETCATALOG_COMPILER_APPICON_NAME = AppIcon;
				DEVELOPMENT_TEAM = AF64J776V4;
				INFOPLIST_FILE = "yahoo-weather-mirror/Info.plist";
				LD_RUNPATH_SEARCH_PATHS = "$(inherited) @executable_path/Frameworks";
				PRODUCT_BUNDLE_IDENTIFIER = "com.hhxx.ios.ttxx.yahoo-weather-mirror";
				PRODUCT_NAME = "$(TARGET_NAME)";
			};
			name = Release;
		};
		3A6CE1AF1E5B1952008059AC /* Debug */ = {
			isa = XCBuildConfiguration;
			buildSettings = {
				BUNDLE_LOADER = "$(TEST_HOST)";
				INFOPLIST_FILE = "yahoo-weather-mirrorTests/Info.plist";
				LD_RUNPATH_SEARCH_PATHS = "$(inherited) @executable_path/Frameworks @loader_path/Frameworks";
				PRODUCT_BUNDLE_IDENTIFIER = "com.hhxx.ios.ttxx.yahoo-weather-mirrorTests";
				PRODUCT_NAME = "$(TARGET_NAME)";
				TEST_HOST = "$(BUILT_PRODUCTS_DIR)/yahoo-weather-mirror.app/yahoo-weather-mirror";
			};
			name = Debug;
		};
		3A6CE1B01E5B1952008059AC /* Release */ = {
			isa = XCBuildConfiguration;
			buildSettings = {
				BUNDLE_LOADER = "$(TEST_HOST)";
				INFOPLIST_FILE = "yahoo-weather-mirrorTests/Info.plist";
				LD_RUNPATH_SEARCH_PATHS = "$(inherited) @executable_path/Frameworks @loader_path/Frameworks";
				PRODUCT_BUNDLE_IDENTIFIER = "com.hhxx.ios.ttxx.yahoo-weather-mirrorTests";
				PRODUCT_NAME = "$(TARGET_NAME)";
				TEST_HOST = "$(BUILT_PRODUCTS_DIR)/yahoo-weather-mirror.app/yahoo-weather-mirror";
			};
			name = Release;
		};
		3A6CE1B21E5B1952008059AC /* Debug */ = {
			isa = XCBuildConfiguration;
			buildSettings = {
				INFOPLIST_FILE = "yahoo-weather-mirrorUITests/Info.plist";
				LD_RUNPATH_SEARCH_PATHS = "$(inherited) @executable_path/Frameworks @loader_path/Frameworks";
				PRODUCT_BUNDLE_IDENTIFIER = "com.hhxx.ios.ttxx.yahoo-weather-mirrorUITests";
				PRODUCT_NAME = "$(TARGET_NAME)";
				TEST_TARGET_NAME = "yahoo-weather-mirror";
			};
			name = Debug;
		};
		3A6CE1B31E5B1952008059AC /* Release */ = {
			isa = XCBuildConfiguration;
			buildSettings = {
				INFOPLIST_FILE = "yahoo-weather-mirrorUITests/Info.plist";
				LD_RUNPATH_SEARCH_PATHS = "$(inherited) @executable_path/Frameworks @loader_path/Frameworks";
				PRODUCT_BUNDLE_IDENTIFIER = "com.hhxx.ios.ttxx.yahoo-weather-mirrorUITests";
				PRODUCT_NAME = "$(TARGET_NAME)";
				TEST_TARGET_NAME = "yahoo-weather-mirror";
			};
			name = Release;
		};
/* End XCBuildConfiguration section */

/* Begin XCConfigurationList section */
		3A6CE1791E5B1951008059AC /* Build configuration list for PBXProject "yahoo-weather-mirror" */ = {
			isa = XCConfigurationList;
			buildConfigurations = (
				3A6CE1A91E5B1952008059AC /* Debug */,
				3A6CE1AA1E5B1952008059AC /* Release */,
			);
			defaultConfigurationIsVisible = 0;
			defaultConfigurationName = Release;
		};
		3A6CE1AB1E5B1952008059AC /* Build configuration list for PBXNativeTarget "yahoo-weather-mirror" */ = {
			isa = XCConfigurationList;
			buildConfigurations = (
				3A6CE1AC1E5B1952008059AC /* Debug */,
				3A6CE1AD1E5B1952008059AC /* Release */,
			);
			defaultConfigurationIsVisible = 0;
			defaultConfigurationName = Release;
		};
		3A6CE1AE1E5B1952008059AC /* Build configuration list for PBXNativeTarget "yahoo-weather-mirrorTests" */ = {
			isa = XCConfigurationList;
			buildConfigurations = (
				3A6CE1AF1E5B1952008059AC /* Debug */,
				3A6CE1B01E5B1952008059AC /* Release */,
			);
			defaultConfigurationIsVisible = 0;
			defaultConfigurationName = Release;
		};
		3A6CE1B11E5B1952008059AC /* Build configuration list for PBXNativeTarget "yahoo-weather-mirrorUITests" */ = {
			isa = XCConfigurationList;
			buildConfigurations = (
				3A6CE1B21E5B1952008059AC /* Debug */,
				3A6CE1B31E5B1952008059AC /* Release */,
			);
			defaultConfigurationIsVisible = 0;
			defaultConfigurationName = Release;
		};
/* End XCConfigurationList section */
	};
	rootObject = 3A6CE1761E5B1951008059AC /* Project object */;
}
